// !$*UTF8*$!
{
	archiveVersion = 1;
	classes = {
	};
	objectVersion = 54;
	objects = {

/* Begin PBXBuildFile section */
		00E356F31AD99517003FC87E /* BakeMagicTests.m in Sources */ = {isa = PBXBuildFile; fileRef = 00E356F21AD99517003FC87E /* BakeMagicTests.m */; };
		018BFCD396F74554BB6BCE27 /* Inter_28pt-ThinItalic.ttf in Resources */ = {isa = PBXBuildFile; fileRef = A1D37BBF07F6440D86CF5487 /* Inter_28pt-ThinItalic.ttf */; };
		0225D984BFE541AAA7248A97 /* Inter_28pt-SemiBoldItalic.ttf in Resources */ = {isa = PBXBuildFile; fileRef = A236A6483CEB4141A4E73BF8 /* Inter_28pt-SemiBoldItalic.ttf */; };
		05255F8DD2584AD39CE6A73F /* Inter_24pt-LightItalic.ttf in Resources */ = {isa = PBXBuildFile; fileRef = E401D5D0893448BBB51F389D /* Inter_24pt-LightItalic.ttf */; };
		09D526C83406429DB92AFE34 /* Inter_28pt-BlackItalic.ttf in Resources */ = {isa = PBXBuildFile; fileRef = 18BD8410B71F4E88B360BC7B /* Inter_28pt-BlackItalic.ttf */; };
		0C80B921A6F3F58F76C31292 /* libPods-BakeMagic.a in Frameworks */ = {isa = PBXBuildFile; fileRef = 5DCACB8F33CDC322A6C60F78 /* libPods-BakeMagic.a */; };
		0CDA797A65524FF599B57972 /* Inter_28pt-Black.ttf in Resources */ = {isa = PBXBuildFile; fileRef = 7A7827A4006E4EA2BFB77C2C /* Inter_28pt-Black.ttf */; };
		0D04D7FA71344EF6812C2B33 /* Colors.xcassets in Resources */ = {isa = PBXBuildFile; fileRef = 711C54BB4A1742138360E64A /* Colors.xcassets */; };
		13B07FBC1A68108700A75B9A /* AppDelegate.mm in Sources */ = {isa = PBXBuildFile; fileRef = 13B07FB01A68108700A75B9A /* AppDelegate.mm */; };
		13B07FBF1A68108700A75B9A /* Images.xcassets in Resources */ = {isa = PBXBuildFile; fileRef = 13B07FB51A68108700A75B9A /* Images.xcassets */; };
		13B07FC11A68108700A75B9A /* main.m in Sources */ = {isa = PBXBuildFile; fileRef = 13B07FB71A68108700A75B9A /* main.m */; };
		1656AD071CEF4575B3BDDAB8 /* Inter_18pt-ExtraLightItalic.ttf in Resources */ = {isa = PBXBuildFile; fileRef = 106BB686529F450C85EB209D /* Inter_18pt-ExtraLightItalic.ttf */; };
		1810F4A68670458AB28BDEC2 /* Inter_24pt-MediumItalic.ttf in Resources */ = {isa = PBXBuildFile; fileRef = 38E3BC0F938347138744EDF6 /* Inter_24pt-MediumItalic.ttf */; };
		1872597A6FEB437C9E524E46 /* Inter_24pt-Light.ttf in Resources */ = {isa = PBXBuildFile; fileRef = E4F3EA299BFB4C30B2686265 /* Inter_24pt-Light.ttf */; };
		19F1907CA1A04C06BFAFD33A /* Inter_18pt-BlackItalic.ttf in Resources */ = {isa = PBXBuildFile; fileRef = 75056B7631044949824460DE /* Inter_18pt-BlackItalic.ttf */; };
		1A6CA256918F4B3FA14B73AF /* Inter_24pt-Regular.ttf in Resources */ = {isa = PBXBuildFile; fileRef = 7EF03B71F9924ADC9A4D7642 /* Inter_24pt-Regular.ttf */; };
		1BFA00D4C4FA4FAA914EDB13 /* Inter_28pt-Regular.ttf in Resources */ = {isa = PBXBuildFile; fileRef = 955A32F7D6174FDD8EEB30AC /* Inter_28pt-Regular.ttf */; };
		2571EA8D519944F5B792F090 /* Inter_24pt-SemiBoldItalic.ttf in Resources */ = {isa = PBXBuildFile; fileRef = 30E783394ED34F96A2545971 /* Inter_24pt-SemiBoldItalic.ttf */; };
		27B82C4C916C4AD8BC7F376D /* Inter_18pt-Black.ttf in Resources */ = {isa = PBXBuildFile; fileRef = 5570E9E3FE254318A2317466 /* Inter_18pt-Black.ttf */; };
		30F00083FA714D969DB724EA /* Inter_24pt-BlackItalic.ttf in Resources */ = {isa = PBXBuildFile; fileRef = 78731658785546BABA8EA77E /* Inter_24pt-BlackItalic.ttf */; };
		31A0A87C26E14947B484D87A /* Inter_28pt-Light.ttf in Resources */ = {isa = PBXBuildFile; fileRef = 6FC60004C3DF4B9CA30759F8 /* Inter_28pt-Light.ttf */; };
		38557CDE2C68871A00741FE3 /* SimpleLineIcons.ttf in Resources */ = {isa = PBXBuildFile; fileRef = 38557CCB2C68871A00741FE3 /* SimpleLineIcons.ttf */; };
		38557CDF2C68871A00741FE3 /* SimpleLineIcons.ttf in Resources */ = {isa = PBXBuildFile; fileRef = 38557CCB2C68871A00741FE3 /* SimpleLineIcons.ttf */; };
		38557CE02C68871A00741FE3 /* FontAwesome6_Solid.ttf in Resources */ = {isa = PBXBuildFile; fileRef = 38557CCC2C68871A00741FE3 /* FontAwesome6_Solid.ttf */; };
		38557CE12C68871A00741FE3 /* FontAwesome6_Solid.ttf in Resources */ = {isa = PBXBuildFile; fileRef = 38557CCC2C68871A00741FE3 /* FontAwesome6_Solid.ttf */; };
		38557CE22C68871A00741FE3 /* AntDesign.ttf in Resources */ = {isa = PBXBuildFile; fileRef = 38557CCD2C68871A00741FE3 /* AntDesign.ttf */; };
		38557CE32C68871A00741FE3 /* AntDesign.ttf in Resources */ = {isa = PBXBuildFile; fileRef = 38557CCD2C68871A00741FE3 /* AntDesign.ttf */; };
		38557CE42C68871A00741FE3 /* Fontisto.ttf in Resources */ = {isa = PBXBuildFile; fileRef = 38557CCE2C68871A00741FE3 /* Fontisto.ttf */; };
		38557CE52C68871A00741FE3 /* Fontisto.ttf in Resources */ = {isa = PBXBuildFile; fileRef = 38557CCE2C68871A00741FE3 /* Fontisto.ttf */; };
		38557CE62C68871A00741FE3 /* Feather.ttf in Resources */ = {isa = PBXBuildFile; fileRef = 38557CCF2C68871A00741FE3 /* Feather.ttf */; };
		38557CE72C68871A00741FE3 /* Feather.ttf in Resources */ = {isa = PBXBuildFile; fileRef = 38557CCF2C68871A00741FE3 /* Feather.ttf */; };
		38557CE82C68871A00741FE3 /* Ionicons.ttf in Resources */ = {isa = PBXBuildFile; fileRef = 38557CD02C68871A00741FE3 /* Ionicons.ttf */; };
		38557CE92C68871A00741FE3 /* Ionicons.ttf in Resources */ = {isa = PBXBuildFile; fileRef = 38557CD02C68871A00741FE3 /* Ionicons.ttf */; };
		38557CEA2C68871A00741FE3 /* Octicons.ttf in Resources */ = {isa = PBXBuildFile; fileRef = 38557CD12C68871A00741FE3 /* Octicons.ttf */; };
		38557CEB2C68871A00741FE3 /* Octicons.ttf in Resources */ = {isa = PBXBuildFile; fileRef = 38557CD12C68871A00741FE3 /* Octicons.ttf */; };
		38557CEC2C68871A00741FE3 /* Entypo.ttf in Resources */ = {isa = PBXBuildFile; fileRef = 38557CD22C68871A00741FE3 /* Entypo.ttf */; };
		38557CED2C68871A00741FE3 /* Entypo.ttf in Resources */ = {isa = PBXBuildFile; fileRef = 38557CD22C68871A00741FE3 /* Entypo.ttf */; };
		38557CEE2C68871A00741FE3 /* FontAwesome5_Brands.ttf in Resources */ = {isa = PBXBuildFile; fileRef = 38557CD32C68871A00741FE3 /* FontAwesome5_Brands.ttf */; };
		38557CEF2C68871A00741FE3 /* FontAwesome5_Brands.ttf in Resources */ = {isa = PBXBuildFile; fileRef = 38557CD32C68871A00741FE3 /* FontAwesome5_Brands.ttf */; };
		38557CF02C68871A00741FE3 /* Foundation.ttf in Resources */ = {isa = PBXBuildFile; fileRef = 38557CD42C68871A00741FE3 /* Foundation.ttf */; };
		38557CF12C68871A00741FE3 /* Foundation.ttf in Resources */ = {isa = PBXBuildFile; fileRef = 38557CD42C68871A00741FE3 /* Foundation.ttf */; };
		38557CF22C68871A00741FE3 /* FontAwesome6_Regular.ttf in Resources */ = {isa = PBXBuildFile; fileRef = 38557CD52C68871A00741FE3 /* FontAwesome6_Regular.ttf */; };
		38557CF32C68871A00741FE3 /* FontAwesome6_Regular.ttf in Resources */ = {isa = PBXBuildFile; fileRef = 38557CD52C68871A00741FE3 /* FontAwesome6_Regular.ttf */; };
		38557CF42C68871A00741FE3 /* FontAwesome6_Brands.ttf in Resources */ = {isa = PBXBuildFile; fileRef = 38557CD62C68871A00741FE3 /* FontAwesome6_Brands.ttf */; };
		38557CF52C68871A00741FE3 /* FontAwesome6_Brands.ttf in Resources */ = {isa = PBXBuildFile; fileRef = 38557CD62C68871A00741FE3 /* FontAwesome6_Brands.ttf */; };
		38557CF62C68871A00741FE3 /* FontAwesome.ttf in Resources */ = {isa = PBXBuildFile; fileRef = 38557CD72C68871A00741FE3 /* FontAwesome.ttf */; };
		38557CF72C68871A00741FE3 /* FontAwesome.ttf in Resources */ = {isa = PBXBuildFile; fileRef = 38557CD72C68871A00741FE3 /* FontAwesome.ttf */; };
		38557CF82C68871A00741FE3 /* Zocial.ttf in Resources */ = {isa = PBXBuildFile; fileRef = 38557CD82C68871A00741FE3 /* Zocial.ttf */; };
		38557CF92C68871A00741FE3 /* Zocial.ttf in Resources */ = {isa = PBXBuildFile; fileRef = 38557CD82C68871A00741FE3 /* Zocial.ttf */; };
		38557CFA2C68871A00741FE3 /* MaterialIcons.ttf in Resources */ = {isa = PBXBuildFile; fileRef = 38557CD92C68871A00741FE3 /* MaterialIcons.ttf */; };
		38557CFB2C68871A00741FE3 /* MaterialIcons.ttf in Resources */ = {isa = PBXBuildFile; fileRef = 38557CD92C68871A00741FE3 /* MaterialIcons.ttf */; };
		38557CFC2C68871A00741FE3 /* FontAwesome5_Regular.ttf in Resources */ = {isa = PBXBuildFile; fileRef = 38557CDA2C68871A00741FE3 /* FontAwesome5_Regular.ttf */; };
		38557CFD2C68871A00741FE3 /* FontAwesome5_Regular.ttf in Resources */ = {isa = PBXBuildFile; fileRef = 38557CDA2C68871A00741FE3 /* FontAwesome5_Regular.ttf */; };
		38557CFE2C68871A00741FE3 /* FontAwesome5_Solid.ttf in Resources */ = {isa = PBXBuildFile; fileRef = 38557CDB2C68871A00741FE3 /* FontAwesome5_Solid.ttf */; };
		38557CFF2C68871A00741FE3 /* FontAwesome5_Solid.ttf in Resources */ = {isa = PBXBuildFile; fileRef = 38557CDB2C68871A00741FE3 /* FontAwesome5_Solid.ttf */; };
		38557D002C68871A00741FE3 /* MaterialCommunityIcons.ttf in Resources */ = {isa = PBXBuildFile; fileRef = 38557CDC2C68871A00741FE3 /* MaterialCommunityIcons.ttf */; };
		38557D012C68871A00741FE3 /* MaterialCommunityIcons.ttf in Resources */ = {isa = PBXBuildFile; fileRef = 38557CDC2C68871A00741FE3 /* MaterialCommunityIcons.ttf */; };
		38557D022C68871A00741FE3 /* EvilIcons.ttf in Resources */ = {isa = PBXBuildFile; fileRef = 38557CDD2C68871A00741FE3 /* EvilIcons.ttf */; };
		38557D032C68871A00741FE3 /* EvilIcons.ttf in Resources */ = {isa = PBXBuildFile; fileRef = 38557CDD2C68871A00741FE3 /* EvilIcons.ttf */; };
		43B0DF87E7044F4B9CEAB2E0 /* Inter_24pt-ThinItalic.ttf in Resources */ = {isa = PBXBuildFile; fileRef = A03220F74BEA4BCD97F2959E /* Inter_24pt-ThinItalic.ttf */; };
		55409F4A5C9C4534BA52B27D /* Inter_28pt-Medium.ttf in Resources */ = {isa = PBXBuildFile; fileRef = 84224410114349A8AD4C1787 /* Inter_28pt-Medium.ttf */; };
		5A1F4C1344E94519B0526257 /* Inter_28pt-Bold.ttf in Resources */ = {isa = PBXBuildFile; fileRef = 35D3755750464FC6A557E085 /* Inter_28pt-Bold.ttf */; };
		5A62D57268F44DAEB99AB175 /* Inter_24pt-Thin.ttf in Resources */ = {isa = PBXBuildFile; fileRef = 85FDE6806C8C484AA4A4E03B /* Inter_24pt-Thin.ttf */; };
		690C3A6F5C864EC6A132D4BD /* Inter_28pt-MediumItalic.ttf in Resources */ = {isa = PBXBuildFile; fileRef = ACF22439481D4B7D8FD1F652 /* Inter_28pt-MediumItalic.ttf */; };
		6B3D9074A15A4471943FB849 /* Inter_24pt-Medium.ttf in Resources */ = {isa = PBXBuildFile; fileRef = AC555503408E418FAA86C8E1 /* Inter_24pt-Medium.ttf */; };
		6E72198ADA114762813013C0 /* Inter_18pt-SemiBoldItalic.ttf in Resources */ = {isa = PBXBuildFile; fileRef = 226B753E2A0145A1A217C35C /* Inter_18pt-SemiBoldItalic.ttf */; };
		70CD8F76790C43429DFC94CE /* Inter_18pt-ThinItalic.ttf in Resources */ = {isa = PBXBuildFile; fileRef = 64F6F3A49B5F4AF98E81CF42 /* Inter_18pt-ThinItalic.ttf */; };
		7562DE92F49A4E6494CD8F37 /* Inter_28pt-ExtraLightItalic.ttf in Resources */ = {isa = PBXBuildFile; fileRef = F6F5678E3E57463F8FAF67E3 /* Inter_28pt-ExtraLightItalic.ttf */; };
		7699B88040F8A987B510C191 /* libPods-BakeMagic-BakeMagicTests.a in Frameworks */ = {isa = PBXBuildFile; fileRef = 19F6CBCC0A4E27FBF8BF4A61 /* libPods-BakeMagic-BakeMagicTests.a */; };
		76F8E871C70884D991B74BCF /* PrivacyInfo.xcprivacy in Resources */ = {isa = PBXBuildFile; fileRef = A4F717D7ACE332E696C1BB07 /* PrivacyInfo.xcprivacy */; };
		81AB9BB82411601600AC10FF /* LaunchScreen.storyboard in Resources */ = {isa = PBXBuildFile; fileRef = 81AB9BB72411601600AC10FF /* LaunchScreen.storyboard */; };
		8A0937C42E554DAA88A1677E /* Inter_24pt-ExtraBold.ttf in Resources */ = {isa = PBXBuildFile; fileRef = F5015E7DDDD841DE89D955CE /* Inter_24pt-ExtraBold.ttf */; };
		8B8E251BFB754E9BA657C02F /* Inter_24pt-BoldItalic.ttf in Resources */ = {isa = PBXBuildFile; fileRef = 3296668FF56D4232B61B213A /* Inter_24pt-BoldItalic.ttf */; };
		8B9B6D00C57F4435BC59DFD2 /* Inter_28pt-ExtraLight.ttf in Resources */ = {isa = PBXBuildFile; fileRef = 67F61C8E7299402B81363AB3 /* Inter_28pt-ExtraLight.ttf */; };
		8F5901766F8044AB9CD16ED6 /* Inter_28pt-ExtraBoldItalic.ttf in Resources */ = {isa = PBXBuildFile; fileRef = A1470F48EC944283853DF176 /* Inter_28pt-ExtraBoldItalic.ttf */; };
		9A5F63958D3A4AD89EB193FE /* Inter_28pt-SemiBold.ttf in Resources */ = {isa = PBXBuildFile; fileRef = 2725074FB678467BA92D4514 /* Inter_28pt-SemiBold.ttf */; };
		A38C290AA96847148AB40623 /* Inter_28pt-BoldItalic.ttf in Resources */ = {isa = PBXBuildFile; fileRef = C5095BEA551F47848F7F5025 /* Inter_28pt-BoldItalic.ttf */; };
		A52A443B79964493B65B1DB5 /* BootSplash.storyboard in Resources */ = {isa = PBXBuildFile; fileRef = FD1D9C618B3348EBA8F1895E /* BootSplash.storyboard */; };
		A599823A762B48A3B5819C5D /* Inter_18pt-Italic.ttf in Resources */ = {isa = PBXBuildFile; fileRef = 50CF491BEC4146DDA710ECE2 /* Inter_18pt-Italic.ttf */; };
		A92577DA65E54D24A7ECA918 /* Inter_18pt-ExtraBold.ttf in Resources */ = {isa = PBXBuildFile; fileRef = 5BAD9C4BDE8D4648AA2E234F /* Inter_18pt-ExtraBold.ttf */; };
		AC1605101C5A4D0D9C8948D6 /* Inter_24pt-SemiBold.ttf in Resources */ = {isa = PBXBuildFile; fileRef = 0B99A3C32D11439BB4507779 /* Inter_24pt-SemiBold.ttf */; };
		ACE9B9F7D4D24944A50078C2 /* Inter_28pt-LightItalic.ttf in Resources */ = {isa = PBXBuildFile; fileRef = FD0314648DD548C6915BC778 /* Inter_28pt-LightItalic.ttf */; };
		AF4F8F832DA14233BC936625 /* Inter_24pt-Bold.ttf in Resources */ = {isa = PBXBuildFile; fileRef = F4D5A1BE7790434AA715BE41 /* Inter_24pt-Bold.ttf */; };
		B66BE3E399594FACAAB2EC41 /* Inter_24pt-ExtraBoldItalic.ttf in Resources */ = {isa = PBXBuildFile; fileRef = 29DA40FACE584D25B1C695B6 /* Inter_24pt-ExtraBoldItalic.ttf */; };
		BA493A0D69DB4DFBAE4CFE9F /* Inter_24pt-ExtraLight.ttf in Resources */ = {isa = PBXBuildFile; fileRef = 9C34D2D14F81482B91FE62B0 /* Inter_24pt-ExtraLight.ttf */; };
		BEC13A965E1940B789F1C58D /* Inter_24pt-ExtraLightItalic.ttf in Resources */ = {isa = PBXBuildFile; fileRef = 8C7E8F82AA3B458584F93F83 /* Inter_24pt-ExtraLightItalic.ttf */; };
		C2D0317FF3084069BD1A0581 /* Inter_28pt-Thin.ttf in Resources */ = {isa = PBXBuildFile; fileRef = F2F2D52291334D7299C4035C /* Inter_28pt-Thin.ttf */; };
		C38D7106D6C148D6B078C0F1 /* Inter_18pt-BoldItalic.ttf in Resources */ = {isa = PBXBuildFile; fileRef = 7F5EA2337DD24B7C904A207D /* Inter_18pt-BoldItalic.ttf */; };
		C59E2C876E4B46B5A64D631B /* Inter_18pt-Medium.ttf in Resources */ = {isa = PBXBuildFile; fileRef = E11F8D18A2204136AD0C901E /* Inter_18pt-Medium.ttf */; };
		C76BFBFFD70847FB94C0182D /* Inter_18pt-MediumItalic.ttf in Resources */ = {isa = PBXBuildFile; fileRef = 46FA68B98EEF4F7784DC040A /* Inter_18pt-MediumItalic.ttf */; };
		D1DC43D681284AB9B77198EF /* Inter_18pt-LightItalic.ttf in Resources */ = {isa = PBXBuildFile; fileRef = A8D50AEAD03542E5A91A9A1F /* Inter_18pt-LightItalic.ttf */; };
		D2BF40683CD24EED88100718 /* Inter_18pt-ExtraLight.ttf in Resources */ = {isa = PBXBuildFile; fileRef = F0D99F8631654761A0BAA549 /* Inter_18pt-ExtraLight.ttf */; };
		D6EB1CFB9F92497CA4696051 /* Inter_18pt-Regular.ttf in Resources */ = {isa = PBXBuildFile; fileRef = D9E20DA7731B4F53A86D1826 /* Inter_18pt-Regular.ttf */; };
		E1325B3098324B8EAB820BCF /* Inter_18pt-SemiBold.ttf in Resources */ = {isa = PBXBuildFile; fileRef = 7AF34924080D4871BCBFF97B /* Inter_18pt-SemiBold.ttf */; };
		E2FA89A5990D4B25A2380054 /* Inter_18pt-ExtraBoldItalic.ttf in Resources */ = {isa = PBXBuildFile; fileRef = C711361B47EC430E98FE8770 /* Inter_18pt-ExtraBoldItalic.ttf */; };
		E3733D8C43814E3ABAF45EB6 /* Inter_18pt-Thin.ttf in Resources */ = {isa = PBXBuildFile; fileRef = 596D1A46743142B59AF288B0 /* Inter_18pt-Thin.ttf */; };
		E4F614330F3E4708BC683C69 /* Inter_24pt-Black.ttf in Resources */ = {isa = PBXBuildFile; fileRef = A2B1CF44DA944A448689E8FF /* Inter_24pt-Black.ttf */; };
		E82E19185B2F4459A98B9A30 /* Inter_28pt-ExtraBold.ttf in Resources */ = {isa = PBXBuildFile; fileRef = 7F892A1736B94C6BAAEF82DA /* Inter_28pt-ExtraBold.ttf */; };
		EEFC4BAD443247E29811F2FF /* Inter_18pt-Light.ttf in Resources */ = {isa = PBXBuildFile; fileRef = 1CAF8F41E1B54EA69DE19322 /* Inter_18pt-Light.ttf */; };
		F361B5F73BF14903B6FB0855 /* Inter_28pt-Italic.ttf in Resources */ = {isa = PBXBuildFile; fileRef = D08655F93AAD402E9AB84214 /* Inter_28pt-Italic.ttf */; };
		F8F58083652E400BB95BE0B6 /* Inter_24pt-Italic.ttf in Resources */ = {isa = PBXBuildFile; fileRef = 1C10AAE4058F4642B623A977 /* Inter_24pt-Italic.ttf */; };
		FC8566F4EE4A4CF295B02719 /* Inter_18pt-Bold.ttf in Resources */ = {isa = PBXBuildFile; fileRef = FD624083CA2749B09FECF088 /* Inter_18pt-Bold.ttf */; };
/* End PBXBuildFile section */

/* Begin PBXContainerItemProxy section */
		00E356F41AD99517003FC87E /* PBXContainerItemProxy */ = {
			isa = PBXContainerItemProxy;
			containerPortal = 83CBB9F71A601CBA00E9B192 /* Project object */;
			proxyType = 1;
			remoteGlobalIDString = 13B07F861A680F5B00A75B9A;
			remoteInfo = BakeMagic;
		};
/* End PBXContainerItemProxy section */

/* Begin PBXFileReference section */
		00E356EE1AD99517003FC87E /* BakeMagicTests.xctest */ = {isa = PBXFileReference; explicitFileType = wrapper.cfbundle; includeInIndex = 0; path = BakeMagicTests.xctest; sourceTree = BUILT_PRODUCTS_DIR; };
		00E356F11AD99517003FC87E /* Info.plist */ = {isa = PBXFileReference; lastKnownFileType = text.plist.xml; path = Info.plist; sourceTree = "<group>"; };
		00E356F21AD99517003FC87E /* BakeMagicTests.m */ = {isa = PBXFileReference; lastKnownFileType = sourcecode.c.objc; path = BakeMagicTests.m; sourceTree = "<group>"; };
		0B99A3C32D11439BB4507779 /* Inter_24pt-SemiBold.ttf */ = {isa = PBXFileReference; explicitFileType = undefined; fileEncoding = 9; includeInIndex = 0; lastKnownFileType = unknown; name = "Inter_24pt-SemiBold.ttf"; path = "../assets/fonts/Inter_24pt-SemiBold.ttf"; sourceTree = "<group>"; };
		106BB686529F450C85EB209D /* Inter_18pt-ExtraLightItalic.ttf */ = {isa = PBXFileReference; explicitFileType = undefined; fileEncoding = 9; includeInIndex = 0; lastKnownFileType = unknown; name = "Inter_18pt-ExtraLightItalic.ttf"; path = "../assets/fonts/Inter_18pt-ExtraLightItalic.ttf"; sourceTree = "<group>"; };
		13B07F961A680F5B00A75B9A /* ClickChef.app */ = {isa = PBXFileReference; explicitFileType = wrapper.application; includeInIndex = 0; path = ClickChef.app; sourceTree = BUILT_PRODUCTS_DIR; };
		13B07FAF1A68108700A75B9A /* AppDelegate.h */ = {isa = PBXFileReference; fileEncoding = 4; lastKnownFileType = sourcecode.c.h; name = AppDelegate.h; path = BakeMagic/AppDelegate.h; sourceTree = "<group>"; };
		13B07FB01A68108700A75B9A /* AppDelegate.mm */ = {isa = PBXFileReference; fileEncoding = 4; lastKnownFileType = sourcecode.cpp.objcpp; name = AppDelegate.mm; path = BakeMagic/AppDelegate.mm; sourceTree = "<group>"; };
		13B07FB51A68108700A75B9A /* Images.xcassets */ = {isa = PBXFileReference; lastKnownFileType = folder.assetcatalog; name = Images.xcassets; path = BakeMagic/Images.xcassets; sourceTree = "<group>"; };
		13B07FB61A68108700A75B9A /* Info.plist */ = {isa = PBXFileReference; fileEncoding = 4; lastKnownFileType = text.plist.xml; name = Info.plist; path = BakeMagic/Info.plist; sourceTree = "<group>"; };
		13B07FB71A68108700A75B9A /* main.m */ = {isa = PBXFileReference; fileEncoding = 4; lastKnownFileType = sourcecode.c.objc; name = main.m; path = BakeMagic/main.m; sourceTree = "<group>"; };
		13B07FB81A68108700A75B9A /* PrivacyInfo.xcprivacy */ = {isa = PBXFileReference; fileEncoding = 4; lastKnownFileType = text.plist.xml; name = PrivacyInfo.xcprivacy; path = BakeMagic/PrivacyInfo.xcprivacy; sourceTree = "<group>"; };
		18BD8410B71F4E88B360BC7B /* Inter_28pt-BlackItalic.ttf */ = {isa = PBXFileReference; explicitFileType = undefined; fileEncoding = 9; includeInIndex = 0; lastKnownFileType = unknown; name = "Inter_28pt-BlackItalic.ttf"; path = "../assets/fonts/Inter_28pt-BlackItalic.ttf"; sourceTree = "<group>"; };
		19F6CBCC0A4E27FBF8BF4A61 /* libPods-BakeMagic-BakeMagicTests.a */ = {isa = PBXFileReference; explicitFileType = archive.ar; includeInIndex = 0; path = "libPods-BakeMagic-BakeMagicTests.a"; sourceTree = BUILT_PRODUCTS_DIR; };
		1C10AAE4058F4642B623A977 /* Inter_24pt-Italic.ttf */ = {isa = PBXFileReference; explicitFileType = undefined; fileEncoding = 9; includeInIndex = 0; lastKnownFileType = unknown; name = "Inter_24pt-Italic.ttf"; path = "../assets/fonts/Inter_24pt-Italic.ttf"; sourceTree = "<group>"; };
		1CAF8F41E1B54EA69DE19322 /* Inter_18pt-Light.ttf */ = {isa = PBXFileReference; explicitFileType = undefined; fileEncoding = 9; includeInIndex = 0; lastKnownFileType = unknown; name = "Inter_18pt-Light.ttf"; path = "../assets/fonts/Inter_18pt-Light.ttf"; sourceTree = "<group>"; };
		226B753E2A0145A1A217C35C /* Inter_18pt-SemiBoldItalic.ttf */ = {isa = PBXFileReference; explicitFileType = undefined; fileEncoding = 9; includeInIndex = 0; lastKnownFileType = unknown; name = "Inter_18pt-SemiBoldItalic.ttf"; path = "../assets/fonts/Inter_18pt-SemiBoldItalic.ttf"; sourceTree = "<group>"; };
		2725074FB678467BA92D4514 /* Inter_28pt-SemiBold.ttf */ = {isa = PBXFileReference; explicitFileType = undefined; fileEncoding = 9; includeInIndex = 0; lastKnownFileType = unknown; name = "Inter_28pt-SemiBold.ttf"; path = "../assets/fonts/Inter_28pt-SemiBold.ttf"; sourceTree = "<group>"; };
		29DA40FACE584D25B1C695B6 /* Inter_24pt-ExtraBoldItalic.ttf */ = {isa = PBXFileReference; explicitFileType = undefined; fileEncoding = 9; includeInIndex = 0; lastKnownFileType = unknown; name = "Inter_24pt-ExtraBoldItalic.ttf"; path = "../assets/fonts/Inter_24pt-ExtraBoldItalic.ttf"; sourceTree = "<group>"; };
		30E783394ED34F96A2545971 /* Inter_24pt-SemiBoldItalic.ttf */ = {isa = PBXFileReference; explicitFileType = undefined; fileEncoding = 9; includeInIndex = 0; lastKnownFileType = unknown; name = "Inter_24pt-SemiBoldItalic.ttf"; path = "../assets/fonts/Inter_24pt-SemiBoldItalic.ttf"; sourceTree = "<group>"; };
		3296668FF56D4232B61B213A /* Inter_24pt-BoldItalic.ttf */ = {isa = PBXFileReference; explicitFileType = undefined; fileEncoding = 9; includeInIndex = 0; lastKnownFileType = unknown; name = "Inter_24pt-BoldItalic.ttf"; path = "../assets/fonts/Inter_24pt-BoldItalic.ttf"; sourceTree = "<group>"; };
		35D3755750464FC6A557E085 /* Inter_28pt-Bold.ttf */ = {isa = PBXFileReference; explicitFileType = undefined; fileEncoding = 9; includeInIndex = 0; lastKnownFileType = unknown; name = "Inter_28pt-Bold.ttf"; path = "../assets/fonts/Inter_28pt-Bold.ttf"; sourceTree = "<group>"; };
		38557CCB2C68871A00741FE3 /* SimpleLineIcons.ttf */ = {isa = PBXFileReference; lastKnownFileType = file; name = SimpleLineIcons.ttf; path = "../../node_modules/react-native-vector-icons/Fonts/SimpleLineIcons.ttf"; sourceTree = "<group>"; };
		38557CCC2C68871A00741FE3 /* FontAwesome6_Solid.ttf */ = {isa = PBXFileReference; lastKnownFileType = file; name = FontAwesome6_Solid.ttf; path = "../../node_modules/react-native-vector-icons/Fonts/FontAwesome6_Solid.ttf"; sourceTree = "<group>"; };
		38557CCD2C68871A00741FE3 /* AntDesign.ttf */ = {isa = PBXFileReference; lastKnownFileType = file; name = AntDesign.ttf; path = "../../node_modules/react-native-vector-icons/Fonts/AntDesign.ttf"; sourceTree = "<group>"; };
		38557CCE2C68871A00741FE3 /* Fontisto.ttf */ = {isa = PBXFileReference; lastKnownFileType = file; name = Fontisto.ttf; path = "../../node_modules/react-native-vector-icons/Fonts/Fontisto.ttf"; sourceTree = "<group>"; };
		38557CCF2C68871A00741FE3 /* Feather.ttf */ = {isa = PBXFileReference; lastKnownFileType = file; name = Feather.ttf; path = "../../node_modules/react-native-vector-icons/Fonts/Feather.ttf"; sourceTree = "<group>"; };
		38557CD02C68871A00741FE3 /* Ionicons.ttf */ = {isa = PBXFileReference; lastKnownFileType = file; name = Ionicons.ttf; path = "../../node_modules/react-native-vector-icons/Fonts/Ionicons.ttf"; sourceTree = "<group>"; };
		38557CD12C68871A00741FE3 /* Octicons.ttf */ = {isa = PBXFileReference; lastKnownFileType = file; name = Octicons.ttf; path = "../../node_modules/react-native-vector-icons/Fonts/Octicons.ttf"; sourceTree = "<group>"; };
		38557CD22C68871A00741FE3 /* Entypo.ttf */ = {isa = PBXFileReference; lastKnownFileType = file; name = Entypo.ttf; path = "../../node_modules/react-native-vector-icons/Fonts/Entypo.ttf"; sourceTree = "<group>"; };
		38557CD32C68871A00741FE3 /* FontAwesome5_Brands.ttf */ = {isa = PBXFileReference; lastKnownFileType = file; name = FontAwesome5_Brands.ttf; path = "../../node_modules/react-native-vector-icons/Fonts/FontAwesome5_Brands.ttf"; sourceTree = "<group>"; };
		38557CD42C68871A00741FE3 /* Foundation.ttf */ = {isa = PBXFileReference; lastKnownFileType = file; name = Foundation.ttf; path = "../../node_modules/react-native-vector-icons/Fonts/Foundation.ttf"; sourceTree = "<group>"; };
		38557CD52C68871A00741FE3 /* FontAwesome6_Regular.ttf */ = {isa = PBXFileReference; lastKnownFileType = file; name = FontAwesome6_Regular.ttf; path = "../../node_modules/react-native-vector-icons/Fonts/FontAwesome6_Regular.ttf"; sourceTree = "<group>"; };
		38557CD62C68871A00741FE3 /* FontAwesome6_Brands.ttf */ = {isa = PBXFileReference; lastKnownFileType = file; name = FontAwesome6_Brands.ttf; path = "../../node_modules/react-native-vector-icons/Fonts/FontAwesome6_Brands.ttf"; sourceTree = "<group>"; };
		38557CD72C68871A00741FE3 /* FontAwesome.ttf */ = {isa = PBXFileReference; lastKnownFileType = file; name = FontAwesome.ttf; path = "../../node_modules/react-native-vector-icons/Fonts/FontAwesome.ttf"; sourceTree = "<group>"; };
		38557CD82C68871A00741FE3 /* Zocial.ttf */ = {isa = PBXFileReference; lastKnownFileType = file; name = Zocial.ttf; path = "../../node_modules/react-native-vector-icons/Fonts/Zocial.ttf"; sourceTree = "<group>"; };
		38557CD92C68871A00741FE3 /* MaterialIcons.ttf */ = {isa = PBXFileReference; lastKnownFileType = file; name = MaterialIcons.ttf; path = "../../node_modules/react-native-vector-icons/Fonts/MaterialIcons.ttf"; sourceTree = "<group>"; };
		38557CDA2C68871A00741FE3 /* FontAwesome5_Regular.ttf */ = {isa = PBXFileReference; lastKnownFileType = file; name = FontAwesome5_Regular.ttf; path = "../../node_modules/react-native-vector-icons/Fonts/FontAwesome5_Regular.ttf"; sourceTree = "<group>"; };
		38557CDB2C68871A00741FE3 /* FontAwesome5_Solid.ttf */ = {isa = PBXFileReference; lastKnownFileType = file; name = FontAwesome5_Solid.ttf; path = "../../node_modules/react-native-vector-icons/Fonts/FontAwesome5_Solid.ttf"; sourceTree = "<group>"; };
		38557CDC2C68871A00741FE3 /* MaterialCommunityIcons.ttf */ = {isa = PBXFileReference; lastKnownFileType = file; name = MaterialCommunityIcons.ttf; path = "../../node_modules/react-native-vector-icons/Fonts/MaterialCommunityIcons.ttf"; sourceTree = "<group>"; };
		38557CDD2C68871A00741FE3 /* EvilIcons.ttf */ = {isa = PBXFileReference; lastKnownFileType = file; name = EvilIcons.ttf; path = "../../node_modules/react-native-vector-icons/Fonts/EvilIcons.ttf"; sourceTree = "<group>"; };
		38E3BC0F938347138744EDF6 /* Inter_24pt-MediumItalic.ttf */ = {isa = PBXFileReference; explicitFileType = undefined; fileEncoding = 9; includeInIndex = 0; lastKnownFileType = unknown; name = "Inter_24pt-MediumItalic.ttf"; path = "../assets/fonts/Inter_24pt-MediumItalic.ttf"; sourceTree = "<group>"; };
		3B4392A12AC88292D35C810B /* Pods-BakeMagic.debug.xcconfig */ = {isa = PBXFileReference; includeInIndex = 1; lastKnownFileType = text.xcconfig; name = "Pods-BakeMagic.debug.xcconfig"; path = "Target Support Files/Pods-BakeMagic/Pods-BakeMagic.debug.xcconfig"; sourceTree = "<group>"; };
		46FA68B98EEF4F7784DC040A /* Inter_18pt-MediumItalic.ttf */ = {isa = PBXFileReference; explicitFileType = undefined; fileEncoding = 9; includeInIndex = 0; lastKnownFileType = unknown; name = "Inter_18pt-MediumItalic.ttf"; path = "../assets/fonts/Inter_18pt-MediumItalic.ttf"; sourceTree = "<group>"; };
		50CF491BEC4146DDA710ECE2 /* Inter_18pt-Italic.ttf */ = {isa = PBXFileReference; explicitFileType = undefined; fileEncoding = 9; includeInIndex = 0; lastKnownFileType = unknown; name = "Inter_18pt-Italic.ttf"; path = "../assets/fonts/Inter_18pt-Italic.ttf"; sourceTree = "<group>"; };
		5570E9E3FE254318A2317466 /* Inter_18pt-Black.ttf */ = {isa = PBXFileReference; explicitFileType = undefined; fileEncoding = 9; includeInIndex = 0; lastKnownFileType = unknown; name = "Inter_18pt-Black.ttf"; path = "../assets/fonts/Inter_18pt-Black.ttf"; sourceTree = "<group>"; };
		5709B34CF0A7D63546082F79 /* Pods-BakeMagic.release.xcconfig */ = {isa = PBXFileReference; includeInIndex = 1; lastKnownFileType = text.xcconfig; name = "Pods-BakeMagic.release.xcconfig"; path = "Target Support Files/Pods-BakeMagic/Pods-BakeMagic.release.xcconfig"; sourceTree = "<group>"; };
		596D1A46743142B59AF288B0 /* Inter_18pt-Thin.ttf */ = {isa = PBXFileReference; explicitFileType = undefined; fileEncoding = 9; includeInIndex = 0; lastKnownFileType = unknown; name = "Inter_18pt-Thin.ttf"; path = "../assets/fonts/Inter_18pt-Thin.ttf"; sourceTree = "<group>"; };
		5B7EB9410499542E8C5724F5 /* Pods-BakeMagic-BakeMagicTests.debug.xcconfig */ = {isa = PBXFileReference; includeInIndex = 1; lastKnownFileType = text.xcconfig; name = "Pods-BakeMagic-BakeMagicTests.debug.xcconfig"; path = "Target Support Files/Pods-BakeMagic-BakeMagicTests/Pods-BakeMagic-BakeMagicTests.debug.xcconfig"; sourceTree = "<group>"; };
		5BAD9C4BDE8D4648AA2E234F /* Inter_18pt-ExtraBold.ttf */ = {isa = PBXFileReference; explicitFileType = undefined; fileEncoding = 9; includeInIndex = 0; lastKnownFileType = unknown; name = "Inter_18pt-ExtraBold.ttf"; path = "../assets/fonts/Inter_18pt-ExtraBold.ttf"; sourceTree = "<group>"; };
		5DCACB8F33CDC322A6C60F78 /* libPods-BakeMagic.a */ = {isa = PBXFileReference; explicitFileType = archive.ar; includeInIndex = 0; path = "libPods-BakeMagic.a"; sourceTree = BUILT_PRODUCTS_DIR; };
		64F6F3A49B5F4AF98E81CF42 /* Inter_18pt-ThinItalic.ttf */ = {isa = PBXFileReference; explicitFileType = undefined; fileEncoding = 9; includeInIndex = 0; lastKnownFileType = unknown; name = "Inter_18pt-ThinItalic.ttf"; path = "../assets/fonts/Inter_18pt-ThinItalic.ttf"; sourceTree = "<group>"; };
		67F61C8E7299402B81363AB3 /* Inter_28pt-ExtraLight.ttf */ = {isa = PBXFileReference; explicitFileType = undefined; fileEncoding = 9; includeInIndex = 0; lastKnownFileType = unknown; name = "Inter_28pt-ExtraLight.ttf"; path = "../assets/fonts/Inter_28pt-ExtraLight.ttf"; sourceTree = "<group>"; };
		6FC60004C3DF4B9CA30759F8 /* Inter_28pt-Light.ttf */ = {isa = PBXFileReference; explicitFileType = undefined; fileEncoding = 9; includeInIndex = 0; lastKnownFileType = unknown; name = "Inter_28pt-Light.ttf"; path = "../assets/fonts/Inter_28pt-Light.ttf"; sourceTree = "<group>"; };
		711C54BB4A1742138360E64A /* Colors.xcassets */ = {isa = PBXFileReference; explicitFileType = undefined; fileEncoding = 9; includeInIndex = 0; lastKnownFileType = folder.assetcatalog; name = Colors.xcassets; path = BakeMagic/Colors.xcassets; sourceTree = "<group>"; };
		75056B7631044949824460DE /* Inter_18pt-BlackItalic.ttf */ = {isa = PBXFileReference; explicitFileType = undefined; fileEncoding = 9; includeInIndex = 0; lastKnownFileType = unknown; name = "Inter_18pt-BlackItalic.ttf"; path = "../assets/fonts/Inter_18pt-BlackItalic.ttf"; sourceTree = "<group>"; };
		78731658785546BABA8EA77E /* Inter_24pt-BlackItalic.ttf */ = {isa = PBXFileReference; explicitFileType = undefined; fileEncoding = 9; includeInIndex = 0; lastKnownFileType = unknown; name = "Inter_24pt-BlackItalic.ttf"; path = "../assets/fonts/Inter_24pt-BlackItalic.ttf"; sourceTree = "<group>"; };
		7A7827A4006E4EA2BFB77C2C /* Inter_28pt-Black.ttf */ = {isa = PBXFileReference; explicitFileType = undefined; fileEncoding = 9; includeInIndex = 0; lastKnownFileType = unknown; name = "Inter_28pt-Black.ttf"; path = "../assets/fonts/Inter_28pt-Black.ttf"; sourceTree = "<group>"; };
		7AF34924080D4871BCBFF97B /* Inter_18pt-SemiBold.ttf */ = {isa = PBXFileReference; explicitFileType = undefined; fileEncoding = 9; includeInIndex = 0; lastKnownFileType = unknown; name = "Inter_18pt-SemiBold.ttf"; path = "../assets/fonts/Inter_18pt-SemiBold.ttf"; sourceTree = "<group>"; };
		7EF03B71F9924ADC9A4D7642 /* Inter_24pt-Regular.ttf */ = {isa = PBXFileReference; explicitFileType = undefined; fileEncoding = 9; includeInIndex = 0; lastKnownFileType = unknown; name = "Inter_24pt-Regular.ttf"; path = "../assets/fonts/Inter_24pt-Regular.ttf"; sourceTree = "<group>"; };
		7F5EA2337DD24B7C904A207D /* Inter_18pt-BoldItalic.ttf */ = {isa = PBXFileReference; explicitFileType = undefined; fileEncoding = 9; includeInIndex = 0; lastKnownFileType = unknown; name = "Inter_18pt-BoldItalic.ttf"; path = "../assets/fonts/Inter_18pt-BoldItalic.ttf"; sourceTree = "<group>"; };
		7F892A1736B94C6BAAEF82DA /* Inter_28pt-ExtraBold.ttf */ = {isa = PBXFileReference; explicitFileType = undefined; fileEncoding = 9; includeInIndex = 0; lastKnownFileType = unknown; name = "Inter_28pt-ExtraBold.ttf"; path = "../assets/fonts/Inter_28pt-ExtraBold.ttf"; sourceTree = "<group>"; };
		81AB9BB72411601600AC10FF /* LaunchScreen.storyboard */ = {isa = PBXFileReference; fileEncoding = 4; lastKnownFileType = file.storyboard; name = LaunchScreen.storyboard; path = BakeMagic/LaunchScreen.storyboard; sourceTree = "<group>"; };
		84224410114349A8AD4C1787 /* Inter_28pt-Medium.ttf */ = {isa = PBXFileReference; explicitFileType = undefined; fileEncoding = 9; includeInIndex = 0; lastKnownFileType = unknown; name = "Inter_28pt-Medium.ttf"; path = "../assets/fonts/Inter_28pt-Medium.ttf"; sourceTree = "<group>"; };
		85FDE6806C8C484AA4A4E03B /* Inter_24pt-Thin.ttf */ = {isa = PBXFileReference; explicitFileType = undefined; fileEncoding = 9; includeInIndex = 0; lastKnownFileType = unknown; name = "Inter_24pt-Thin.ttf"; path = "../assets/fonts/Inter_24pt-Thin.ttf"; sourceTree = "<group>"; };
		89C6BE57DB24E9ADA2F236DE /* Pods-BakeMagic-BakeMagicTests.release.xcconfig */ = {isa = PBXFileReference; includeInIndex = 1; lastKnownFileType = text.xcconfig; name = "Pods-BakeMagic-BakeMagicTests.release.xcconfig"; path = "Target Support Files/Pods-BakeMagic-BakeMagicTests/Pods-BakeMagic-BakeMagicTests.release.xcconfig"; sourceTree = "<group>"; };
		8C7E8F82AA3B458584F93F83 /* Inter_24pt-ExtraLightItalic.ttf */ = {isa = PBXFileReference; explicitFileType = undefined; fileEncoding = 9; includeInIndex = 0; lastKnownFileType = unknown; name = "Inter_24pt-ExtraLightItalic.ttf"; path = "../assets/fonts/Inter_24pt-ExtraLightItalic.ttf"; sourceTree = "<group>"; };
		955A32F7D6174FDD8EEB30AC /* Inter_28pt-Regular.ttf */ = {isa = PBXFileReference; explicitFileType = undefined; fileEncoding = 9; includeInIndex = 0; lastKnownFileType = unknown; name = "Inter_28pt-Regular.ttf"; path = "../assets/fonts/Inter_28pt-Regular.ttf"; sourceTree = "<group>"; };
		9C34D2D14F81482B91FE62B0 /* Inter_24pt-ExtraLight.ttf */ = {isa = PBXFileReference; explicitFileType = undefined; fileEncoding = 9; includeInIndex = 0; lastKnownFileType = unknown; name = "Inter_24pt-ExtraLight.ttf"; path = "../assets/fonts/Inter_24pt-ExtraLight.ttf"; sourceTree = "<group>"; };
		A03220F74BEA4BCD97F2959E /* Inter_24pt-ThinItalic.ttf */ = {isa = PBXFileReference; explicitFileType = undefined; fileEncoding = 9; includeInIndex = 0; lastKnownFileType = unknown; name = "Inter_24pt-ThinItalic.ttf"; path = "../assets/fonts/Inter_24pt-ThinItalic.ttf"; sourceTree = "<group>"; };
		A1470F48EC944283853DF176 /* Inter_28pt-ExtraBoldItalic.ttf */ = {isa = PBXFileReference; explicitFileType = undefined; fileEncoding = 9; includeInIndex = 0; lastKnownFileType = unknown; name = "Inter_28pt-ExtraBoldItalic.ttf"; path = "../assets/fonts/Inter_28pt-ExtraBoldItalic.ttf"; sourceTree = "<group>"; };
		A1D37BBF07F6440D86CF5487 /* Inter_28pt-ThinItalic.ttf */ = {isa = PBXFileReference; explicitFileType = undefined; fileEncoding = 9; includeInIndex = 0; lastKnownFileType = unknown; name = "Inter_28pt-ThinItalic.ttf"; path = "../assets/fonts/Inter_28pt-ThinItalic.ttf"; sourceTree = "<group>"; };
		A236A6483CEB4141A4E73BF8 /* Inter_28pt-SemiBoldItalic.ttf */ = {isa = PBXFileReference; explicitFileType = undefined; fileEncoding = 9; includeInIndex = 0; lastKnownFileType = unknown; name = "Inter_28pt-SemiBoldItalic.ttf"; path = "../assets/fonts/Inter_28pt-SemiBoldItalic.ttf"; sourceTree = "<group>"; };
		A2B1CF44DA944A448689E8FF /* Inter_24pt-Black.ttf */ = {isa = PBXFileReference; explicitFileType = undefined; fileEncoding = 9; includeInIndex = 0; lastKnownFileType = unknown; name = "Inter_24pt-Black.ttf"; path = "../assets/fonts/Inter_24pt-Black.ttf"; sourceTree = "<group>"; };
		A4F717D7ACE332E696C1BB07 /* PrivacyInfo.xcprivacy */ = {isa = PBXFileReference; includeInIndex = 1; lastKnownFileType = text.xml; name = PrivacyInfo.xcprivacy; path = BakeMagic/PrivacyInfo.xcprivacy; sourceTree = "<group>"; };
		A8D50AEAD03542E5A91A9A1F /* Inter_18pt-LightItalic.ttf */ = {isa = PBXFileReference; explicitFileType = undefined; fileEncoding = 9; includeInIndex = 0; lastKnownFileType = unknown; name = "Inter_18pt-LightItalic.ttf"; path = "../assets/fonts/Inter_18pt-LightItalic.ttf"; sourceTree = "<group>"; };
		AC555503408E418FAA86C8E1 /* Inter_24pt-Medium.ttf */ = {isa = PBXFileReference; explicitFileType = undefined; fileEncoding = 9; includeInIndex = 0; lastKnownFileType = unknown; name = "Inter_24pt-Medium.ttf"; path = "../assets/fonts/Inter_24pt-Medium.ttf"; sourceTree = "<group>"; };
		ACF22439481D4B7D8FD1F652 /* Inter_28pt-MediumItalic.ttf */ = {isa = PBXFileReference; explicitFileType = undefined; fileEncoding = 9; includeInIndex = 0; lastKnownFileType = unknown; name = "Inter_28pt-MediumItalic.ttf"; path = "../assets/fonts/Inter_28pt-MediumItalic.ttf"; sourceTree = "<group>"; };
		C5095BEA551F47848F7F5025 /* Inter_28pt-BoldItalic.ttf */ = {isa = PBXFileReference; explicitFileType = undefined; fileEncoding = 9; includeInIndex = 0; lastKnownFileType = unknown; name = "Inter_28pt-BoldItalic.ttf"; path = "../assets/fonts/Inter_28pt-BoldItalic.ttf"; sourceTree = "<group>"; };
		C711361B47EC430E98FE8770 /* Inter_18pt-ExtraBoldItalic.ttf */ = {isa = PBXFileReference; explicitFileType = undefined; fileEncoding = 9; includeInIndex = 0; lastKnownFileType = unknown; name = "Inter_18pt-ExtraBoldItalic.ttf"; path = "../assets/fonts/Inter_18pt-ExtraBoldItalic.ttf"; sourceTree = "<group>"; };
		D08655F93AAD402E9AB84214 /* Inter_28pt-Italic.ttf */ = {isa = PBXFileReference; explicitFileType = undefined; fileEncoding = 9; includeInIndex = 0; lastKnownFileType = unknown; name = "Inter_28pt-Italic.ttf"; path = "../assets/fonts/Inter_28pt-Italic.ttf"; sourceTree = "<group>"; };
		D9E20DA7731B4F53A86D1826 /* Inter_18pt-Regular.ttf */ = {isa = PBXFileReference; explicitFileType = undefined; fileEncoding = 9; includeInIndex = 0; lastKnownFileType = unknown; name = "Inter_18pt-Regular.ttf"; path = "../assets/fonts/Inter_18pt-Regular.ttf"; sourceTree = "<group>"; };
		E11F8D18A2204136AD0C901E /* Inter_18pt-Medium.ttf */ = {isa = PBXFileReference; explicitFileType = undefined; fileEncoding = 9; includeInIndex = 0; lastKnownFileType = unknown; name = "Inter_18pt-Medium.ttf"; path = "../assets/fonts/Inter_18pt-Medium.ttf"; sourceTree = "<group>"; };
		E401D5D0893448BBB51F389D /* Inter_24pt-LightItalic.ttf */ = {isa = PBXFileReference; explicitFileType = undefined; fileEncoding = 9; includeInIndex = 0; lastKnownFileType = unknown; name = "Inter_24pt-LightItalic.ttf"; path = "../assets/fonts/Inter_24pt-LightItalic.ttf"; sourceTree = "<group>"; };
		E4F3EA299BFB4C30B2686265 /* Inter_24pt-Light.ttf */ = {isa = PBXFileReference; explicitFileType = undefined; fileEncoding = 9; includeInIndex = 0; lastKnownFileType = unknown; name = "Inter_24pt-Light.ttf"; path = "../assets/fonts/Inter_24pt-Light.ttf"; sourceTree = "<group>"; };
		ED297162215061F000B7C4FE /* JavaScriptCore.framework */ = {isa = PBXFileReference; lastKnownFileType = wrapper.framework; name = JavaScriptCore.framework; path = System/Library/Frameworks/JavaScriptCore.framework; sourceTree = SDKROOT; };
		F0D99F8631654761A0BAA549 /* Inter_18pt-ExtraLight.ttf */ = {isa = PBXFileReference; explicitFileType = undefined; fileEncoding = 9; includeInIndex = 0; lastKnownFileType = unknown; name = "Inter_18pt-ExtraLight.ttf"; path = "../assets/fonts/Inter_18pt-ExtraLight.ttf"; sourceTree = "<group>"; };
		F2F2D52291334D7299C4035C /* Inter_28pt-Thin.ttf */ = {isa = PBXFileReference; explicitFileType = undefined; fileEncoding = 9; includeInIndex = 0; lastKnownFileType = unknown; name = "Inter_28pt-Thin.ttf"; path = "../assets/fonts/Inter_28pt-Thin.ttf"; sourceTree = "<group>"; };
		F4D5A1BE7790434AA715BE41 /* Inter_24pt-Bold.ttf */ = {isa = PBXFileReference; explicitFileType = undefined; fileEncoding = 9; includeInIndex = 0; lastKnownFileType = unknown; name = "Inter_24pt-Bold.ttf"; path = "../assets/fonts/Inter_24pt-Bold.ttf"; sourceTree = "<group>"; };
		F5015E7DDDD841DE89D955CE /* Inter_24pt-ExtraBold.ttf */ = {isa = PBXFileReference; explicitFileType = undefined; fileEncoding = 9; includeInIndex = 0; lastKnownFileType = unknown; name = "Inter_24pt-ExtraBold.ttf"; path = "../assets/fonts/Inter_24pt-ExtraBold.ttf"; sourceTree = "<group>"; };
		F6F5678E3E57463F8FAF67E3 /* Inter_28pt-ExtraLightItalic.ttf */ = {isa = PBXFileReference; explicitFileType = undefined; fileEncoding = 9; includeInIndex = 0; lastKnownFileType = unknown; name = "Inter_28pt-ExtraLightItalic.ttf"; path = "../assets/fonts/Inter_28pt-ExtraLightItalic.ttf"; sourceTree = "<group>"; };
		FD0314648DD548C6915BC778 /* Inter_28pt-LightItalic.ttf */ = {isa = PBXFileReference; explicitFileType = undefined; fileEncoding = 9; includeInIndex = 0; lastKnownFileType = unknown; name = "Inter_28pt-LightItalic.ttf"; path = "../assets/fonts/Inter_28pt-LightItalic.ttf"; sourceTree = "<group>"; };
		FD1D9C618B3348EBA8F1895E /* BootSplash.storyboard */ = {isa = PBXFileReference; explicitFileType = undefined; fileEncoding = 9; includeInIndex = 0; lastKnownFileType = unknown; name = BootSplash.storyboard; path = BakeMagic/BootSplash.storyboard; sourceTree = "<group>"; };
		FD624083CA2749B09FECF088 /* Inter_18pt-Bold.ttf */ = {isa = PBXFileReference; explicitFileType = undefined; fileEncoding = 9; includeInIndex = 0; lastKnownFileType = unknown; name = "Inter_18pt-Bold.ttf"; path = "../assets/fonts/Inter_18pt-Bold.ttf"; sourceTree = "<group>"; };
/* End PBXFileReference section */

/* Begin PBXFrameworksBuildPhase section */
		00E356EB1AD99517003FC87E /* Frameworks */ = {
			isa = PBXFrameworksBuildPhase;
			buildActionMask = 2147483647;
			files = (
				7699B88040F8A987B510C191 /* libPods-BakeMagic-BakeMagicTests.a in Frameworks */,
			);
			runOnlyForDeploymentPostprocessing = 0;
		};
		13B07F8C1A680F5B00A75B9A /* Frameworks */ = {
			isa = PBXFrameworksBuildPhase;
			buildActionMask = 2147483647;
			files = (
				0C80B921A6F3F58F76C31292 /* libPods-BakeMagic.a in Frameworks */,
			);
			runOnlyForDeploymentPostprocessing = 0;
		};
/* End PBXFrameworksBuildPhase section */

/* Begin PBXGroup section */
		00E356EF1AD99517003FC87E /* BakeMagicTests */ = {
			isa = PBXGroup;
			children = (
				00E356F21AD99517003FC87E /* BakeMagicTests.m */,
				00E356F01AD99517003FC87E /* Supporting Files */,
			);
			path = BakeMagicTests;
			sourceTree = "<group>";
		};
		00E356F01AD99517003FC87E /* Supporting Files */ = {
			isa = PBXGroup;
			children = (
				00E356F11AD99517003FC87E /* Info.plist */,
			);
			name = "Supporting Files";
			sourceTree = "<group>";
		};
		13B07FAE1A68108700A75B9A /* BakeMagic */ = {
			isa = PBXGroup;
			children = (
				13B07FAF1A68108700A75B9A /* AppDelegate.h */,
				13B07FB01A68108700A75B9A /* AppDelegate.mm */,
				13B07FB51A68108700A75B9A /* Images.xcassets */,
				13B07FB61A68108700A75B9A /* Info.plist */,
				81AB9BB72411601600AC10FF /* LaunchScreen.storyboard */,
				13B07FB71A68108700A75B9A /* main.m */,
				13B07FB81A68108700A75B9A /* PrivacyInfo.xcprivacy */,
				A4F717D7ACE332E696C1BB07 /* PrivacyInfo.xcprivacy */,
				FD1D9C618B3348EBA8F1895E /* BootSplash.storyboard */,
				711C54BB4A1742138360E64A /* Colors.xcassets */,
			);
			name = BakeMagic;
			sourceTree = "<group>";
		};
		2D16E6871FA4F8E400B85C8A /* Frameworks */ = {
			isa = PBXGroup;
			children = (
				ED297162215061F000B7C4FE /* JavaScriptCore.framework */,
				5DCACB8F33CDC322A6C60F78 /* libPods-BakeMagic.a */,
				19F6CBCC0A4E27FBF8BF4A61 /* libPods-BakeMagic-BakeMagicTests.a */,
			);
			name = Frameworks;
			sourceTree = "<group>";
		};
		38557CCA2C6886CF00741FE3 /* Fonts */ = {
			isa = PBXGroup;
			children = (
				38557CCD2C68871A00741FE3 /* AntDesign.ttf */,
				38557CD22C68871A00741FE3 /* Entypo.ttf */,
				38557CDD2C68871A00741FE3 /* EvilIcons.ttf */,
				38557CCF2C68871A00741FE3 /* Feather.ttf */,
				38557CD72C68871A00741FE3 /* FontAwesome.ttf */,
				38557CD32C68871A00741FE3 /* FontAwesome5_Brands.ttf */,
				38557CDA2C68871A00741FE3 /* FontAwesome5_Regular.ttf */,
				38557CDB2C68871A00741FE3 /* FontAwesome5_Solid.ttf */,
				38557CD62C68871A00741FE3 /* FontAwesome6_Brands.ttf */,
				38557CD52C68871A00741FE3 /* FontAwesome6_Regular.ttf */,
				38557CCC2C68871A00741FE3 /* FontAwesome6_Solid.ttf */,
				38557CCE2C68871A00741FE3 /* Fontisto.ttf */,
				38557CD42C68871A00741FE3 /* Foundation.ttf */,
				38557CD02C68871A00741FE3 /* Ionicons.ttf */,
				38557CDC2C68871A00741FE3 /* MaterialCommunityIcons.ttf */,
				38557CD92C68871A00741FE3 /* MaterialIcons.ttf */,
				38557CD12C68871A00741FE3 /* Octicons.ttf */,
				38557CCB2C68871A00741FE3 /* SimpleLineIcons.ttf */,
				38557CD82C68871A00741FE3 /* Zocial.ttf */,
			);
			path = Fonts;
			sourceTree = "<group>";
		};
		7A47B4C077524F55BBC7F1EA /* Resources */ = {
			isa = PBXGroup;
			children = (
				5570E9E3FE254318A2317466 /* Inter_18pt-Black.ttf */,
				75056B7631044949824460DE /* Inter_18pt-BlackItalic.ttf */,
				FD624083CA2749B09FECF088 /* Inter_18pt-Bold.ttf */,
				7F5EA2337DD24B7C904A207D /* Inter_18pt-BoldItalic.ttf */,
				5BAD9C4BDE8D4648AA2E234F /* Inter_18pt-ExtraBold.ttf */,
				C711361B47EC430E98FE8770 /* Inter_18pt-ExtraBoldItalic.ttf */,
				F0D99F8631654761A0BAA549 /* Inter_18pt-ExtraLight.ttf */,
				106BB686529F450C85EB209D /* Inter_18pt-ExtraLightItalic.ttf */,
				50CF491BEC4146DDA710ECE2 /* Inter_18pt-Italic.ttf */,
				1CAF8F41E1B54EA69DE19322 /* Inter_18pt-Light.ttf */,
				A8D50AEAD03542E5A91A9A1F /* Inter_18pt-LightItalic.ttf */,
				E11F8D18A2204136AD0C901E /* Inter_18pt-Medium.ttf */,
				46FA68B98EEF4F7784DC040A /* Inter_18pt-MediumItalic.ttf */,
				D9E20DA7731B4F53A86D1826 /* Inter_18pt-Regular.ttf */,
				7AF34924080D4871BCBFF97B /* Inter_18pt-SemiBold.ttf */,
				226B753E2A0145A1A217C35C /* Inter_18pt-SemiBoldItalic.ttf */,
				596D1A46743142B59AF288B0 /* Inter_18pt-Thin.ttf */,
				64F6F3A49B5F4AF98E81CF42 /* Inter_18pt-ThinItalic.ttf */,
				A2B1CF44DA944A448689E8FF /* Inter_24pt-Black.ttf */,
				78731658785546BABA8EA77E /* Inter_24pt-BlackItalic.ttf */,
				F4D5A1BE7790434AA715BE41 /* Inter_24pt-Bold.ttf */,
				3296668FF56D4232B61B213A /* Inter_24pt-BoldItalic.ttf */,
				F5015E7DDDD841DE89D955CE /* Inter_24pt-ExtraBold.ttf */,
				29DA40FACE584D25B1C695B6 /* Inter_24pt-ExtraBoldItalic.ttf */,
				9C34D2D14F81482B91FE62B0 /* Inter_24pt-ExtraLight.ttf */,
				8C7E8F82AA3B458584F93F83 /* Inter_24pt-ExtraLightItalic.ttf */,
				1C10AAE4058F4642B623A977 /* Inter_24pt-Italic.ttf */,
				E4F3EA299BFB4C30B2686265 /* Inter_24pt-Light.ttf */,
				E401D5D0893448BBB51F389D /* Inter_24pt-LightItalic.ttf */,
				AC555503408E418FAA86C8E1 /* Inter_24pt-Medium.ttf */,
				38E3BC0F938347138744EDF6 /* Inter_24pt-MediumItalic.ttf */,
				7EF03B71F9924ADC9A4D7642 /* Inter_24pt-Regular.ttf */,
				0B99A3C32D11439BB4507779 /* Inter_24pt-SemiBold.ttf */,
				30E783394ED34F96A2545971 /* Inter_24pt-SemiBoldItalic.ttf */,
				85FDE6806C8C484AA4A4E03B /* Inter_24pt-Thin.ttf */,
				A03220F74BEA4BCD97F2959E /* Inter_24pt-ThinItalic.ttf */,
				7A7827A4006E4EA2BFB77C2C /* Inter_28pt-Black.ttf */,
				18BD8410B71F4E88B360BC7B /* Inter_28pt-BlackItalic.ttf */,
				35D3755750464FC6A557E085 /* Inter_28pt-Bold.ttf */,
				C5095BEA551F47848F7F5025 /* Inter_28pt-BoldItalic.ttf */,
				7F892A1736B94C6BAAEF82DA /* Inter_28pt-ExtraBold.ttf */,
				A1470F48EC944283853DF176 /* Inter_28pt-ExtraBoldItalic.ttf */,
				67F61C8E7299402B81363AB3 /* Inter_28pt-ExtraLight.ttf */,
				F6F5678E3E57463F8FAF67E3 /* Inter_28pt-ExtraLightItalic.ttf */,
				D08655F93AAD402E9AB84214 /* Inter_28pt-Italic.ttf */,
				6FC60004C3DF4B9CA30759F8 /* Inter_28pt-Light.ttf */,
				FD0314648DD548C6915BC778 /* Inter_28pt-LightItalic.ttf */,
				84224410114349A8AD4C1787 /* Inter_28pt-Medium.ttf */,
				ACF22439481D4B7D8FD1F652 /* Inter_28pt-MediumItalic.ttf */,
				955A32F7D6174FDD8EEB30AC /* Inter_28pt-Regular.ttf */,
				2725074FB678467BA92D4514 /* Inter_28pt-SemiBold.ttf */,
				A236A6483CEB4141A4E73BF8 /* Inter_28pt-SemiBoldItalic.ttf */,
				F2F2D52291334D7299C4035C /* Inter_28pt-Thin.ttf */,
				A1D37BBF07F6440D86CF5487 /* Inter_28pt-ThinItalic.ttf */,
			);
			name = Resources;
			sourceTree = "<group>";
		};
		832341AE1AAA6A7D00B99B32 /* Libraries */ = {
			isa = PBXGroup;
			children = (
			);
			name = Libraries;
			sourceTree = "<group>";
		};
		83CBB9F61A601CBA00E9B192 = {
			isa = PBXGroup;
			children = (
				38557CCA2C6886CF00741FE3 /* Fonts */,
				13B07FAE1A68108700A75B9A /* BakeMagic */,
				832341AE1AAA6A7D00B99B32 /* Libraries */,
				00E356EF1AD99517003FC87E /* BakeMagicTests */,
				83CBBA001A601CBA00E9B192 /* Products */,
				2D16E6871FA4F8E400B85C8A /* Frameworks */,
				BBD78D7AC51CEA395F1C20DB /* Pods */,
				7A47B4C077524F55BBC7F1EA /* Resources */,
			);
			indentWidth = 2;
			sourceTree = "<group>";
			tabWidth = 2;
			usesTabs = 0;
		};
		83CBBA001A601CBA00E9B192 /* Products */ = {
			isa = PBXGroup;
			children = (
				13B07F961A680F5B00A75B9A /* ClickChef.app */,
				00E356EE1AD99517003FC87E /* BakeMagicTests.xctest */,
			);
			name = Products;
			sourceTree = "<group>";
		};
		BBD78D7AC51CEA395F1C20DB /* Pods */ = {
			isa = PBXGroup;
			children = (
				3B4392A12AC88292D35C810B /* Pods-BakeMagic.debug.xcconfig */,
				5709B34CF0A7D63546082F79 /* Pods-BakeMagic.release.xcconfig */,
				5B7EB9410499542E8C5724F5 /* Pods-BakeMagic-BakeMagicTests.debug.xcconfig */,
				89C6BE57DB24E9ADA2F236DE /* Pods-BakeMagic-BakeMagicTests.release.xcconfig */,
			);
			path = Pods;
			sourceTree = "<group>";
		};
/* End PBXGroup section */

/* Begin PBXNativeTarget section */
		00E356ED1AD99517003FC87E /* BakeMagicTests */ = {
			isa = PBXNativeTarget;
			buildConfigurationList = 00E357021AD99517003FC87E /* Build configuration list for PBXNativeTarget "BakeMagicTests" */;
			buildPhases = (
				A55EABD7B0C7F3A422A6CC61 /* [CP] Check Pods Manifest.lock */,
				00E356EA1AD99517003FC87E /* Sources */,
				00E356EB1AD99517003FC87E /* Frameworks */,
				00E356EC1AD99517003FC87E /* Resources */,
				C59DA0FBD6956966B86A3779 /* [CP] Embed Pods Frameworks */,
				F6A41C54EA430FDDC6A6ED99 /* [CP] Copy Pods Resources */,
			);
			buildRules = (
			);
			dependencies = (
				00E356F51AD99517003FC87E /* PBXTargetDependency */,
			);
			name = BakeMagicTests;
			productName = BakeMagicTests;
			productReference = 00E356EE1AD99517003FC87E /* BakeMagicTests.xctest */;
			productType = "com.apple.product-type.bundle.unit-test";
		};
		13B07F861A680F5B00A75B9A /* BakeMagic */ = {
			isa = PBXNativeTarget;
			buildConfigurationList = 13B07F931A680F5B00A75B9A /* Build configuration list for PBXNativeTarget "BakeMagic" */;
			buildPhases = (
				C38B50BA6285516D6DCD4F65 /* [CP] Check Pods Manifest.lock */,
				13B07F871A680F5B00A75B9A /* Sources */,
				13B07F8C1A680F5B00A75B9A /* Frameworks */,
				13B07F8E1A680F5B00A75B9A /* Resources */,
				00DD1BFF1BD5951E006B06BC /* Bundle React Native code and images */,
				00EEFC60759A1932668264C0 /* [CP] Embed Pods Frameworks */,
				E235C05ADACE081382539298 /* [CP] Copy Pods Resources */,
			);
			buildRules = (
			);
			dependencies = (
			);
			name = BakeMagic;
			productName = BakeMagic;
			productReference = 13B07F961A680F5B00A75B9A /* ClickChef.app */;
			productType = "com.apple.product-type.application";
		};
/* End PBXNativeTarget section */

/* Begin PBXProject section */
		83CBB9F71A601CBA00E9B192 /* Project object */ = {
			isa = PBXProject;
			attributes = {
				LastUpgradeCheck = 1210;
				TargetAttributes = {
					00E356ED1AD99517003FC87E = {
						CreatedOnToolsVersion = 6.2;
						TestTargetID = 13B07F861A680F5B00A75B9A;
					};
					13B07F861A680F5B00A75B9A = {
						LastSwiftMigration = 1120;
					};
				};
			};
			buildConfigurationList = 83CBB9FA1A601CBA00E9B192 /* Build configuration list for PBXProject "BakeMagic" */;
			compatibilityVersion = "Xcode 12.0";
			developmentRegion = en;
			hasScannedForEncodings = 0;
			knownRegions = (
				en,
				Base,
			);
			mainGroup = 83CBB9F61A601CBA00E9B192;
			productRefGroup = 83CBBA001A601CBA00E9B192 /* Products */;
			projectDirPath = "";
			projectRoot = "";
			targets = (
				13B07F861A680F5B00A75B9A /* BakeMagic */,
				00E356ED1AD99517003FC87E /* BakeMagicTests */,
			);
		};
/* End PBXProject section */

/* Begin PBXResourcesBuildPhase section */
		00E356EC1AD99517003FC87E /* Resources */ = {
			isa = PBXResourcesBuildPhase;
			buildActionMask = 2147483647;
			files = (
				38557CE32C68871A00741FE3 /* AntDesign.ttf in Resources */,
				38557CF72C68871A00741FE3 /* FontAwesome.ttf in Resources */,
				38557CFD2C68871A00741FE3 /* FontAwesome5_Regular.ttf in Resources */,
				38557CFB2C68871A00741FE3 /* MaterialIcons.ttf in Resources */,
				38557CF32C68871A00741FE3 /* FontAwesome6_Regular.ttf in Resources */,
				38557D032C68871A00741FE3 /* EvilIcons.ttf in Resources */,
				38557CF12C68871A00741FE3 /* Foundation.ttf in Resources */,
				38557CE12C68871A00741FE3 /* FontAwesome6_Solid.ttf in Resources */,
				38557CE92C68871A00741FE3 /* Ionicons.ttf in Resources */,
				38557CF92C68871A00741FE3 /* Zocial.ttf in Resources */,
				38557CEF2C68871A00741FE3 /* FontAwesome5_Brands.ttf in Resources */,
				38557CEB2C68871A00741FE3 /* Octicons.ttf in Resources */,
				38557CE72C68871A00741FE3 /* Feather.ttf in Resources */,
				38557CED2C68871A00741FE3 /* Entypo.ttf in Resources */,
				38557CE52C68871A00741FE3 /* Fontisto.ttf in Resources */,
				38557CF52C68871A00741FE3 /* FontAwesome6_Brands.ttf in Resources */,
				38557CDF2C68871A00741FE3 /* SimpleLineIcons.ttf in Resources */,
				38557D012C68871A00741FE3 /* MaterialCommunityIcons.ttf in Resources */,
				38557CFF2C68871A00741FE3 /* FontAwesome5_Solid.ttf in Resources */,
			);
			runOnlyForDeploymentPostprocessing = 0;
		};
		13B07F8E1A680F5B00A75B9A /* Resources */ = {
			isa = PBXResourcesBuildPhase;
			buildActionMask = 2147483647;
			files = (
				81AB9BB82411601600AC10FF /* LaunchScreen.storyboard in Resources */,
				38557CF62C68871A00741FE3 /* FontAwesome.ttf in Resources */,
				13B07FBF1A68108700A75B9A /* Images.xcassets in Resources */,
				76F8E871C70884D991B74BCF /* PrivacyInfo.xcprivacy in Resources */,
				27B82C4C916C4AD8BC7F376D /* Inter_18pt-Black.ttf in Resources */,
				38557D022C68871A00741FE3 /* EvilIcons.ttf in Resources */,
				19F1907CA1A04C06BFAFD33A /* Inter_18pt-BlackItalic.ttf in Resources */,
				FC8566F4EE4A4CF295B02719 /* Inter_18pt-Bold.ttf in Resources */,
				38557CE02C68871A00741FE3 /* FontAwesome6_Solid.ttf in Resources */,
				C38D7106D6C148D6B078C0F1 /* Inter_18pt-BoldItalic.ttf in Resources */,
				A92577DA65E54D24A7ECA918 /* Inter_18pt-ExtraBold.ttf in Resources */,
				E2FA89A5990D4B25A2380054 /* Inter_18pt-ExtraBoldItalic.ttf in Resources */,
				38557CEA2C68871A00741FE3 /* Octicons.ttf in Resources */,
				D2BF40683CD24EED88100718 /* Inter_18pt-ExtraLight.ttf in Resources */,
				38557CFE2C68871A00741FE3 /* FontAwesome5_Solid.ttf in Resources */,
				1656AD071CEF4575B3BDDAB8 /* Inter_18pt-ExtraLightItalic.ttf in Resources */,
				A599823A762B48A3B5819C5D /* Inter_18pt-Italic.ttf in Resources */,
				EEFC4BAD443247E29811F2FF /* Inter_18pt-Light.ttf in Resources */,
				D1DC43D681284AB9B77198EF /* Inter_18pt-LightItalic.ttf in Resources */,
				38557CF42C68871A00741FE3 /* FontAwesome6_Brands.ttf in Resources */,
				C59E2C876E4B46B5A64D631B /* Inter_18pt-Medium.ttf in Resources */,
				C76BFBFFD70847FB94C0182D /* Inter_18pt-MediumItalic.ttf in Resources */,
				38557CF02C68871A00741FE3 /* Foundation.ttf in Resources */,
				D6EB1CFB9F92497CA4696051 /* Inter_18pt-Regular.ttf in Resources */,
				E1325B3098324B8EAB820BCF /* Inter_18pt-SemiBold.ttf in Resources */,
				38557CE42C68871A00741FE3 /* Fontisto.ttf in Resources */,
				6E72198ADA114762813013C0 /* Inter_18pt-SemiBoldItalic.ttf in Resources */,
				E3733D8C43814E3ABAF45EB6 /* Inter_18pt-Thin.ttf in Resources */,
				70CD8F76790C43429DFC94CE /* Inter_18pt-ThinItalic.ttf in Resources */,
				E4F614330F3E4708BC683C69 /* Inter_24pt-Black.ttf in Resources */,
				30F00083FA714D969DB724EA /* Inter_24pt-BlackItalic.ttf in Resources */,
				AF4F8F832DA14233BC936625 /* Inter_24pt-Bold.ttf in Resources */,
				38557CEE2C68871A00741FE3 /* FontAwesome5_Brands.ttf in Resources */,
				8B8E251BFB754E9BA657C02F /* Inter_24pt-BoldItalic.ttf in Resources */,
				38557CFA2C68871A00741FE3 /* MaterialIcons.ttf in Resources */,
				8A0937C42E554DAA88A1677E /* Inter_24pt-ExtraBold.ttf in Resources */,
				B66BE3E399594FACAAB2EC41 /* Inter_24pt-ExtraBoldItalic.ttf in Resources */,
				BA493A0D69DB4DFBAE4CFE9F /* Inter_24pt-ExtraLight.ttf in Resources */,
				BEC13A965E1940B789F1C58D /* Inter_24pt-ExtraLightItalic.ttf in Resources */,
				F8F58083652E400BB95BE0B6 /* Inter_24pt-Italic.ttf in Resources */,
				38557CEC2C68871A00741FE3 /* Entypo.ttf in Resources */,
				1872597A6FEB437C9E524E46 /* Inter_24pt-Light.ttf in Resources */,
				05255F8DD2584AD39CE6A73F /* Inter_24pt-LightItalic.ttf in Resources */,
				6B3D9074A15A4471943FB849 /* Inter_24pt-Medium.ttf in Resources */,
				1810F4A68670458AB28BDEC2 /* Inter_24pt-MediumItalic.ttf in Resources */,
				1A6CA256918F4B3FA14B73AF /* Inter_24pt-Regular.ttf in Resources */,
				AC1605101C5A4D0D9C8948D6 /* Inter_24pt-SemiBold.ttf in Resources */,
				38557D002C68871A00741FE3 /* MaterialCommunityIcons.ttf in Resources */,
				38557CE82C68871A00741FE3 /* Ionicons.ttf in Resources */,
				2571EA8D519944F5B792F090 /* Inter_24pt-SemiBoldItalic.ttf in Resources */,
				5A62D57268F44DAEB99AB175 /* Inter_24pt-Thin.ttf in Resources */,
				43B0DF87E7044F4B9CEAB2E0 /* Inter_24pt-ThinItalic.ttf in Resources */,
				0CDA797A65524FF599B57972 /* Inter_28pt-Black.ttf in Resources */,
				09D526C83406429DB92AFE34 /* Inter_28pt-BlackItalic.ttf in Resources */,
				5A1F4C1344E94519B0526257 /* Inter_28pt-Bold.ttf in Resources */,
				A38C290AA96847148AB40623 /* Inter_28pt-BoldItalic.ttf in Resources */,
				E82E19185B2F4459A98B9A30 /* Inter_28pt-ExtraBold.ttf in Resources */,
				38557CE62C68871A00741FE3 /* Feather.ttf in Resources */,
				8F5901766F8044AB9CD16ED6 /* Inter_28pt-ExtraBoldItalic.ttf in Resources */,
				8B9B6D00C57F4435BC59DFD2 /* Inter_28pt-ExtraLight.ttf in Resources */,
				7562DE92F49A4E6494CD8F37 /* Inter_28pt-ExtraLightItalic.ttf in Resources */,
				F361B5F73BF14903B6FB0855 /* Inter_28pt-Italic.ttf in Resources */,
				31A0A87C26E14947B484D87A /* Inter_28pt-Light.ttf in Resources */,
				ACE9B9F7D4D24944A50078C2 /* Inter_28pt-LightItalic.ttf in Resources */,
				55409F4A5C9C4534BA52B27D /* Inter_28pt-Medium.ttf in Resources */,
				690C3A6F5C864EC6A132D4BD /* Inter_28pt-MediumItalic.ttf in Resources */,
				1BFA00D4C4FA4FAA914EDB13 /* Inter_28pt-Regular.ttf in Resources */,
				38557CE22C68871A00741FE3 /* AntDesign.ttf in Resources */,
				38557CFC2C68871A00741FE3 /* FontAwesome5_Regular.ttf in Resources */,
				9A5F63958D3A4AD89EB193FE /* Inter_28pt-SemiBold.ttf in Resources */,
				38557CF82C68871A00741FE3 /* Zocial.ttf in Resources */,
				0225D984BFE541AAA7248A97 /* Inter_28pt-SemiBoldItalic.ttf in Resources */,
				38557CDE2C68871A00741FE3 /* SimpleLineIcons.ttf in Resources */,
				C2D0317FF3084069BD1A0581 /* Inter_28pt-Thin.ttf in Resources */,
				018BFCD396F74554BB6BCE27 /* Inter_28pt-ThinItalic.ttf in Resources */,
				38557CF22C68871A00741FE3 /* FontAwesome6_Regular.ttf in Resources */,
				A52A443B79964493B65B1DB5 /* BootSplash.storyboard in Resources */,
				0D04D7FA71344EF6812C2B33 /* Colors.xcassets in Resources */,
			);
			runOnlyForDeploymentPostprocessing = 0;
		};
/* End PBXResourcesBuildPhase section */

/* Begin PBXShellScriptBuildPhase section */
		00DD1BFF1BD5951E006B06BC /* Bundle React Native code and images */ = {
			isa = PBXShellScriptBuildPhase;
			buildActionMask = 2147483647;
			files = (
			);
			inputPaths = (
				"$(SRCROOT)/.xcode.env.local",
				"$(SRCROOT)/.xcode.env",
			);
			name = "Bundle React Native code and images";
			outputPaths = (
			);
			runOnlyForDeploymentPostprocessing = 0;
			shellPath = /bin/sh;
			shellScript = "set -e\n\nWITH_ENVIRONMENT=\"$REACT_NATIVE_PATH/scripts/xcode/with-environment.sh\"\nREACT_NATIVE_XCODE=\"$REACT_NATIVE_PATH/scripts/react-native-xcode.sh\"\n\n/bin/sh -c \"$WITH_ENVIRONMENT $REACT_NATIVE_XCODE\"\n";
		};
		00EEFC60759A1932668264C0 /* [CP] Embed Pods Frameworks */ = {
			isa = PBXShellScriptBuildPhase;
			buildActionMask = 2147483647;
			files = (
			);
			inputFileListPaths = (
				"${PODS_ROOT}/Target Support Files/Pods-BakeMagic/Pods-BakeMagic-frameworks-${CONFIGURATION}-input-files.xcfilelist",
			);
			name = "[CP] Embed Pods Frameworks";
			outputFileListPaths = (
				"${PODS_ROOT}/Target Support Files/Pods-BakeMagic/Pods-BakeMagic-frameworks-${CONFIGURATION}-output-files.xcfilelist",
			);
			runOnlyForDeploymentPostprocessing = 0;
			shellPath = /bin/sh;
			shellScript = "\"${PODS_ROOT}/Target Support Files/Pods-BakeMagic/Pods-BakeMagic-frameworks.sh\"\n";
			showEnvVarsInLog = 0;
		};
		A55EABD7B0C7F3A422A6CC61 /* [CP] Check Pods Manifest.lock */ = {
			isa = PBXShellScriptBuildPhase;
			buildActionMask = 2147483647;
			files = (
			);
			inputFileListPaths = (
			);
			inputPaths = (
				"${PODS_PODFILE_DIR_PATH}/Podfile.lock",
				"${PODS_ROOT}/Manifest.lock",
			);
			name = "[CP] Check Pods Manifest.lock";
			outputFileListPaths = (
			);
			outputPaths = (
				"$(DERIVED_FILE_DIR)/Pods-BakeMagic-BakeMagicTests-checkManifestLockResult.txt",
			);
			runOnlyForDeploymentPostprocessing = 0;
			shellPath = /bin/sh;
			shellScript = "diff \"${PODS_PODFILE_DIR_PATH}/Podfile.lock\" \"${PODS_ROOT}/Manifest.lock\" > /dev/null\nif [ $? != 0 ] ; then\n    # print error to STDERR\n    echo \"error: The sandbox is not in sync with the Podfile.lock. Run 'pod install' or update your CocoaPods installation.\" >&2\n    exit 1\nfi\n# This output is used by Xcode 'outputs' to avoid re-running this script phase.\necho \"SUCCESS\" > \"${SCRIPT_OUTPUT_FILE_0}\"\n";
			showEnvVarsInLog = 0;
		};
		C38B50BA6285516D6DCD4F65 /* [CP] Check Pods Manifest.lock */ = {
			isa = PBXShellScriptBuildPhase;
			buildActionMask = 2147483647;
			files = (
			);
			inputFileListPaths = (
			);
			inputPaths = (
				"${PODS_PODFILE_DIR_PATH}/Podfile.lock",
				"${PODS_ROOT}/Manifest.lock",
			);
			name = "[CP] Check Pods Manifest.lock";
			outputFileListPaths = (
			);
			outputPaths = (
				"$(DERIVED_FILE_DIR)/Pods-BakeMagic-checkManifestLockResult.txt",
			);
			runOnlyForDeploymentPostprocessing = 0;
			shellPath = /bin/sh;
			shellScript = "diff \"${PODS_PODFILE_DIR_PATH}/Podfile.lock\" \"${PODS_ROOT}/Manifest.lock\" > /dev/null\nif [ $? != 0 ] ; then\n    # print error to STDERR\n    echo \"error: The sandbox is not in sync with the Podfile.lock. Run 'pod install' or update your CocoaPods installation.\" >&2\n    exit 1\nfi\n# This output is used by Xcode 'outputs' to avoid re-running this script phase.\necho \"SUCCESS\" > \"${SCRIPT_OUTPUT_FILE_0}\"\n";
			showEnvVarsInLog = 0;
		};
		C59DA0FBD6956966B86A3779 /* [CP] Embed Pods Frameworks */ = {
			isa = PBXShellScriptBuildPhase;
			buildActionMask = 2147483647;
			files = (
			);
			inputFileListPaths = (
				"${PODS_ROOT}/Target Support Files/Pods-BakeMagic-BakeMagicTests/Pods-BakeMagic-BakeMagicTests-frameworks-${CONFIGURATION}-input-files.xcfilelist",
			);
			name = "[CP] Embed Pods Frameworks";
			outputFileListPaths = (
				"${PODS_ROOT}/Target Support Files/Pods-BakeMagic-BakeMagicTests/Pods-BakeMagic-BakeMagicTests-frameworks-${CONFIGURATION}-output-files.xcfilelist",
			);
			runOnlyForDeploymentPostprocessing = 0;
			shellPath = /bin/sh;
			shellScript = "\"${PODS_ROOT}/Target Support Files/Pods-BakeMagic-BakeMagicTests/Pods-BakeMagic-BakeMagicTests-frameworks.sh\"\n";
			showEnvVarsInLog = 0;
		};
		E235C05ADACE081382539298 /* [CP] Copy Pods Resources */ = {
			isa = PBXShellScriptBuildPhase;
			buildActionMask = 2147483647;
			files = (
			);
			inputFileListPaths = (
				"${PODS_ROOT}/Target Support Files/Pods-BakeMagic/Pods-BakeMagic-resources-${CONFIGURATION}-input-files.xcfilelist",
			);
			name = "[CP] Copy Pods Resources";
			outputFileListPaths = (
				"${PODS_ROOT}/Target Support Files/Pods-BakeMagic/Pods-BakeMagic-resources-${CONFIGURATION}-output-files.xcfilelist",
			);
			runOnlyForDeploymentPostprocessing = 0;
			shellPath = /bin/sh;
			shellScript = "\"${PODS_ROOT}/Target Support Files/Pods-BakeMagic/Pods-BakeMagic-resources.sh\"\n";
			showEnvVarsInLog = 0;
		};
		F6A41C54EA430FDDC6A6ED99 /* [CP] Copy Pods Resources */ = {
			isa = PBXShellScriptBuildPhase;
			buildActionMask = 2147483647;
			files = (
			);
			inputFileListPaths = (
				"${PODS_ROOT}/Target Support Files/Pods-BakeMagic-BakeMagicTests/Pods-BakeMagic-BakeMagicTests-resources-${CONFIGURATION}-input-files.xcfilelist",
			);
			name = "[CP] Copy Pods Resources";
			outputFileListPaths = (
				"${PODS_ROOT}/Target Support Files/Pods-BakeMagic-BakeMagicTests/Pods-BakeMagic-BakeMagicTests-resources-${CONFIGURATION}-output-files.xcfilelist",
			);
			runOnlyForDeploymentPostprocessing = 0;
			shellPath = /bin/sh;
			shellScript = "\"${PODS_ROOT}/Target Support Files/Pods-BakeMagic-BakeMagicTests/Pods-BakeMagic-BakeMagicTests-resources.sh\"\n";
			showEnvVarsInLog = 0;
		};
/* End PBXShellScriptBuildPhase section */

/* Begin PBXSourcesBuildPhase section */
		00E356EA1AD99517003FC87E /* Sources */ = {
			isa = PBXSourcesBuildPhase;
			buildActionMask = 2147483647;
			files = (
				00E356F31AD99517003FC87E /* BakeMagicTests.m in Sources */,
			);
			runOnlyForDeploymentPostprocessing = 0;
		};
		13B07F871A680F5B00A75B9A /* Sources */ = {
			isa = PBXSourcesBuildPhase;
			buildActionMask = 2147483647;
			files = (
				13B07FBC1A68108700A75B9A /* AppDelegate.mm in Sources */,
				13B07FC11A68108700A75B9A /* main.m in Sources */,
			);
			runOnlyForDeploymentPostprocessing = 0;
		};
/* End PBXSourcesBuildPhase section */

/* Begin PBXTargetDependency section */
		00E356F51AD99517003FC87E /* PBXTargetDependency */ = {
			isa = PBXTargetDependency;
			target = 13B07F861A680F5B00A75B9A /* BakeMagic */;
			targetProxy = 00E356F41AD99517003FC87E /* PBXContainerItemProxy */;
		};
/* End PBXTargetDependency section */

/* Begin XCBuildConfiguration section */
		00E356F61AD99517003FC87E /* Debug */ = {
			isa = XCBuildConfiguration;
			baseConfigurationReference = 5B7EB9410499542E8C5724F5 /* Pods-BakeMagic-BakeMagicTests.debug.xcconfig */;
			buildSettings = {
				BUNDLE_LOADER = "$(TEST_HOST)";
				DEVELOPMENT_TEAM = 6MN5NVJ9UG;
				GCC_PREPROCESSOR_DEFINITIONS = (
					"DEBUG=1",
					"$(inherited)",
				);
				INFOPLIST_FILE = BakeMagicTests/Info.plist;
				IPHONEOS_DEPLOYMENT_TARGET = 13.4;
				LD_RUNPATH_SEARCH_PATHS = (
					"$(inherited)",
					"@executable_path/Frameworks",
					"@loader_path/Frameworks",
				);
				OTHER_LDFLAGS = (
					"-ObjC",
					"-lc++",
					"$(inherited)",
				);
				PRODUCT_BUNDLE_IDENTIFIER = "org.reactjs.native.example.$(PRODUCT_NAME:rfc1034identifier)";
				PRODUCT_NAME = "$(TARGET_NAME)";
				TEST_HOST = "$(BUILT_PRODUCTS_DIR)/BakeMagic.app/BakeMagic";
			};
			name = Debug;
		};
		00E356F71AD99517003FC87E /* Release */ = {
			isa = XCBuildConfiguration;
			baseConfigurationReference = 89C6BE57DB24E9ADA2F236DE /* Pods-BakeMagic-BakeMagicTests.release.xcconfig */;
			buildSettings = {
				BUNDLE_LOADER = "$(TEST_HOST)";
				COPY_PHASE_STRIP = NO;
				DEVELOPMENT_TEAM = 6MN5NVJ9UG;
				INFOPLIST_FILE = BakeMagicTests/Info.plist;
				IPHONEOS_DEPLOYMENT_TARGET = 13.4;
				LD_RUNPATH_SEARCH_PATHS = (
					"$(inherited)",
					"@executable_path/Frameworks",
					"@loader_path/Frameworks",
				);
				OTHER_LDFLAGS = (
					"-ObjC",
					"-lc++",
					"$(inherited)",
				);
				PRODUCT_BUNDLE_IDENTIFIER = "org.reactjs.native.example.$(PRODUCT_NAME:rfc1034identifier)";
				PRODUCT_NAME = "$(TARGET_NAME)";
				TEST_HOST = "$(BUILT_PRODUCTS_DIR)/BakeMagic.app/BakeMagic";
			};
			name = Release;
		};
		13B07F941A680F5B00A75B9A /* Debug */ = {
			isa = XCBuildConfiguration;
			baseConfigurationReference = 3B4392A12AC88292D35C810B /* Pods-BakeMagic.debug.xcconfig */;
			buildSettings = {
				ASSETCATALOG_COMPILER_APPICON_NAME = AppIcon;
				CLANG_ENABLE_MODULES = YES;
				CURRENT_PROJECT_VERSION = 1;
				DEVELOPMENT_TEAM = 6MN5NVJ9UG;
				ENABLE_BITCODE = NO;
				EXCLUDED_ARCHS = "";
				"EXCLUDED_ARCHS[sdk=iphonesimulator*]" = arm64;
				INFOPLIST_FILE = BakeMagic/Info.plist;
				INFOPLIST_KEY_CFBundleDisplayName = ClickChef;
				IPHONEOS_DEPLOYMENT_TARGET = 15.0;
				LD_RUNPATH_SEARCH_PATHS = (
					"$(inherited)",
					"@executable_path/Frameworks",
				);
				MARKETING_VERSION = 1.0;
				ONLY_ACTIVE_ARCH = YES;
				OTHER_LDFLAGS = (
					"$(inherited)",
					"-ObjC",
					"-lc++",
				);
				PRODUCT_BUNDLE_IDENTIFIER = "org.reactjs.native.example.$(PRODUCT_NAME:rfc1034identifier)";
				PRODUCT_NAME = ClickChef;
				SWIFT_OPTIMIZATION_LEVEL = "-Onone";
				SWIFT_VERSION = 5.0;
				VERSIONING_SYSTEM = "apple-generic";
			};
			name = Debug;
		};
		13B07F951A680F5B00A75B9A /* Release */ = {
			isa = XCBuildConfiguration;
			baseConfigurationReference = 5709B34CF0A7D63546082F79 /* Pods-BakeMagic.release.xcconfig */;
			buildSettings = {
				ASSETCATALOG_COMPILER_APPICON_NAME = AppIcon;
				CLANG_ENABLE_MODULES = YES;
				CURRENT_PROJECT_VERSION = 1;
				DEVELOPMENT_TEAM = 6MN5NVJ9UG;
				EXCLUDED_ARCHS = "";
				"EXCLUDED_ARCHS[sdk=iphonesimulator*]" = arm64;
				INFOPLIST_FILE = BakeMagic/Info.plist;
				INFOPLIST_KEY_CFBundleDisplayName = ClickChef;
				IPHONEOS_DEPLOYMENT_TARGET = 15.0;
				LD_RUNPATH_SEARCH_PATHS = (
					"$(inherited)",
					"@executable_path/Frameworks",
				);
				MARKETING_VERSION = 1.0;
				ONLY_ACTIVE_ARCH = YES;
				OTHER_LDFLAGS = (
					"$(inherited)",
					"-ObjC",
					"-lc++",
				);
				PRODUCT_BUNDLE_IDENTIFIER = "org.reactjs.native.example.$(PRODUCT_NAME:rfc1034identifier)";
				PRODUCT_NAME = ClickChef;
				SWIFT_VERSION = 5.0;
				VERSIONING_SYSTEM = "apple-generic";
			};
			name = Release;
		};
		83CBBA201A601CBA00E9B192 /* Debug */ = {
			isa = XCBuildConfiguration;
			buildSettings = {
				ALWAYS_SEARCH_USER_PATHS = NO;
				CC = "";
				CLANG_ANALYZER_LOCALIZABILITY_NONLOCALIZED = YES;
				CLANG_CXX_LANGUAGE_STANDARD = "c++20";
				CLANG_CXX_LIBRARY = "libc++";
				CLANG_ENABLE_MODULES = YES;
				CLANG_ENABLE_OBJC_ARC = YES;
				CLANG_WARN_BLOCK_CAPTURE_AUTORELEASING = YES;
				CLANG_WARN_BOOL_CONVERSION = YES;
				CLANG_WARN_COMMA = YES;
				CLANG_WARN_CONSTANT_CONVERSION = YES;
				CLANG_WARN_DEPRECATED_OBJC_IMPLEMENTATIONS = YES;
				CLANG_WARN_DIRECT_OBJC_ISA_USAGE = YES_ERROR;
				CLANG_WARN_EMPTY_BODY = YES;
				CLANG_WARN_ENUM_CONVERSION = YES;
				CLANG_WARN_INFINITE_RECURSION = YES;
				CLANG_WARN_INT_CONVERSION = YES;
				CLANG_WARN_NON_LITERAL_NULL_CONVERSION = YES;
				CLANG_WARN_OBJC_IMPLICIT_RETAIN_SELF = YES;
				CLANG_WARN_OBJC_LITERAL_CONVERSION = YES;
				CLANG_WARN_OBJC_ROOT_CLASS = YES_ERROR;
				CLANG_WARN_QUOTED_INCLUDE_IN_FRAMEWORK_HEADER = YES;
				CLANG_WARN_RANGE_LOOP_ANALYSIS = YES;
				CLANG_WARN_STRICT_PROTOTYPES = YES;
				CLANG_WARN_SUSPICIOUS_MOVE = YES;
				CLANG_WARN_UNREACHABLE_CODE = YES;
				CLANG_WARN__DUPLICATE_METHOD_MATCH = YES;
				"CODE_SIGN_IDENTITY[sdk=iphoneos*]" = "iPhone Developer";
				COPY_PHASE_STRIP = NO;
				CXX = "";
				ENABLE_STRICT_OBJC_MSGSEND = YES;
				ENABLE_TESTABILITY = YES;
				"EXCLUDED_ARCHS[sdk=iphonesimulator*]" = "";
				GCC_C_LANGUAGE_STANDARD = gnu99;
				GCC_DYNAMIC_NO_PIC = NO;
				GCC_NO_COMMON_BLOCKS = YES;
				GCC_OPTIMIZATION_LEVEL = 0;
				GCC_PREPROCESSOR_DEFINITIONS = (
					"DEBUG=1",
					"$(inherited)",
				);
				GCC_SYMBOLS_PRIVATE_EXTERN = NO;
				GCC_WARN_64_TO_32_BIT_CONVERSION = YES;
				GCC_WARN_ABOUT_RETURN_TYPE = YES_ERROR;
				GCC_WARN_UNDECLARED_SELECTOR = YES;
				GCC_WARN_UNINITIALIZED_AUTOS = YES_AGGRESSIVE;
				GCC_WARN_UNUSED_FUNCTION = YES;
				GCC_WARN_UNUSED_VARIABLE = YES;
				IPHONEOS_DEPLOYMENT_TARGET = 12.0;
				LD = "";
				LDPLUSPLUS = "";
				LD_RUNPATH_SEARCH_PATHS = (
					/usr/lib/swift,
					"$(inherited)",
				);
				LIBRARY_SEARCH_PATHS = (
					"\"$(SDKROOT)/usr/lib/swift\"",
					"\"$(TOOLCHAIN_DIR)/usr/lib/swift/$(PLATFORM_NAME)\"",
					"\"$(inherited)\"",
				);
				MTL_ENABLE_DEBUG_INFO = YES;
				ONLY_ACTIVE_ARCH = YES;
				OTHER_CPLUSPLUSFLAGS = (
					"$(OTHER_CFLAGS)",
					"-DFOLLY_NO_CONFIG",
					"-DFOLLY_MOBILE=1",
					"-DFOLLY_USE_LIBCPP=1",
					"-DFOLLY_CFG_NO_COROUTINES=1",
					"-DFOLLY_HAVE_CLOCK_GETTIME=1",
				);
				OTHER_LDFLAGS = "$(inherited)  ";
				REACT_NATIVE_PATH = "${PODS_ROOT}/../../node_modules/react-native";
				SDKROOT = iphoneos;
				SWIFT_ACTIVE_COMPILATION_CONDITIONS = "$(inherited) DEBUG";
				USE_HERMES = true;
			};
			name = Debug;
		};
		83CBBA211A601CBA00E9B192 /* Release */ = {
			isa = XCBuildConfiguration;
			buildSettings = {
				ALWAYS_SEARCH_USER_PATHS = NO;
				CC = "";
				CLANG_ANALYZER_LOCALIZABILITY_NONLOCALIZED = YES;
				CLANG_CXX_LANGUAGE_STANDARD = "c++20";
				CLANG_CXX_LIBRARY = "libc++";
				CLANG_ENABLE_MODULES = YES;
				CLANG_ENABLE_OBJC_ARC = YES;
				CLANG_WARN_BLOCK_CAPTURE_AUTORELEASING = YES;
				CLANG_WARN_BOOL_CONVERSION = YES;
				CLANG_WARN_COMMA = YES;
				CLANG_WARN_CONSTANT_CONVERSION = YES;
				CLANG_WARN_DEPRECATED_OBJC_IMPLEMENTATIONS = YES;
				CLANG_WARN_DIRECT_OBJC_ISA_USAGE = YES_ERROR;
				CLANG_WARN_EMPTY_BODY = YES;
				CLANG_WARN_ENUM_CONVERSION = YES;
				CLANG_WARN_INFINITE_RECURSION = YES;
				CLANG_WARN_INT_CONVERSION = YES;
				CLANG_WARN_NON_LITERAL_NULL_CONVERSION = YES;
				CLANG_WARN_OBJC_IMPLICIT_RETAIN_SELF = YES;
				CLANG_WARN_OBJC_LITERAL_CONVERSION = YES;
				CLANG_WARN_OBJC_ROOT_CLASS = YES_ERROR;
				CLANG_WARN_QUOTED_INCLUDE_IN_FRAMEWORK_HEADER = YES;
				CLANG_WARN_RANGE_LOOP_ANALYSIS = YES;
				CLANG_WARN_STRICT_PROTOTYPES = YES;
				CLANG_WARN_SUSPICIOUS_MOVE = YES;
				CLANG_WARN_UNREACHABLE_CODE = YES;
				CLANG_WARN__DUPLICATE_METHOD_MATCH = YES;
				"CODE_SIGN_IDENTITY[sdk=iphoneos*]" = "iPhone Developer";
				COPY_PHASE_STRIP = YES;
				CXX = "";
				ENABLE_NS_ASSERTIONS = NO;
				ENABLE_STRICT_OBJC_MSGSEND = YES;
				"EXCLUDED_ARCHS[sdk=iphonesimulator*]" = "";
				GCC_C_LANGUAGE_STANDARD = gnu99;
				GCC_NO_COMMON_BLOCKS = YES;
				GCC_WARN_64_TO_32_BIT_CONVERSION = YES;
				GCC_WARN_ABOUT_RETURN_TYPE = YES_ERROR;
				GCC_WARN_UNDECLARED_SELECTOR = YES;
				GCC_WARN_UNINITIALIZED_AUTOS = YES_AGGRESSIVE;
				GCC_WARN_UNUSED_FUNCTION = YES;
				GCC_WARN_UNUSED_VARIABLE = YES;
				IPHONEOS_DEPLOYMENT_TARGET = 12.0;
				LD = "";
				LDPLUSPLUS = "";
				LD_RUNPATH_SEARCH_PATHS = (
					/usr/lib/swift,
					"$(inherited)",
				);
				LIBRARY_SEARCH_PATHS = (
					"\"$(SDKROOT)/usr/lib/swift\"",
					"\"$(TOOLCHAIN_DIR)/usr/lib/swift/$(PLATFORM_NAME)\"",
					"\"$(inherited)\"",
				);
				MTL_ENABLE_DEBUG_INFO = NO;
				OTHER_CPLUSPLUSFLAGS = (
					"$(OTHER_CFLAGS)",
					"-DFOLLY_NO_CONFIG",
					"-DFOLLY_MOBILE=1",
					"-DFOLLY_USE_LIBCPP=1",
					"-DFOLLY_CFG_NO_COROUTINES=1",
					"-DFOLLY_HAVE_CLOCK_GETTIME=1",
				);
				OTHER_LDFLAGS = "$(inherited)  ";
				REACT_NATIVE_PATH = "${PODS_ROOT}/../../node_modules/react-native";
				SDKROOT = iphoneos;
				USE_HERMES = true;
				VALIDATE_PRODUCT = YES;
			};
			name = Release;
		};
/* End XCBuildConfiguration section */

/* Begin XCConfigurationList section */
		00E357021AD99517003FC87E /* Build configuration list for PBXNativeTarget "BakeMagicTests" */ = {
			isa = XCConfigurationList;
			buildConfigurations = (
				00E356F61AD99517003FC87E /* Debug */,
				00E356F71AD99517003FC87E /* Release */,
			);
			defaultConfigurationIsVisible = 0;
			defaultConfigurationName = Release;
		};
		13B07F931A680F5B00A75B9A /* Build configuration list for PBXNativeTarget "BakeMagic" */ = {
			isa = XCConfigurationList;
			buildConfigurations = (
				13B07F941A680F5B00A75B9A /* Debug */,
				13B07F951A680F5B00A75B9A /* Release */,
			);
			defaultConfigurationIsVisible = 0;
			defaultConfigurationName = Release;
		};
		83CBB9FA1A601CBA00E9B192 /* Build configuration list for PBXProject "BakeMagic" */ = {
			isa = XCConfigurationList;
			buildConfigurations = (
				83CBBA201A601CBA00E9B192 /* Debug */,
				83CBBA211A601CBA00E9B192 /* Release */,
			);
			defaultConfigurationIsVisible = 0;
			defaultConfigurationName = Release;
		};
/* End XCConfigurationList section */
	};
	rootObject = 83CBB9F71A601CBA00E9B192 /* Project object */;
}
